<?xml version="1.0" encoding="utf-8"?>
<Project ToolsVersion="4.0" xmlns="http://schemas.microsoft.com/developer/msbuild/2003">
  <ItemGroup>
    <ClCompile Include="src\Game.cpp">
      <Filter>Source</Filter>
    </ClCompile>
    <ClCompile Include="src\Sun.cpp">
      <Filter>Source</Filter>
    </ClCompile>
    <ClCompile Include="src\Scene.cpp">
      <Filter>Source</Filter>
    </ClCompile>
    <ClCompile Include="src\main.cpp">
      <Filter>Source</Filter>
    </ClCompile>
    <ClCompile Include="src\SceneTessellation.cpp">
      <Filter>Source</Filter>
    </ClCompile>
  </ItemGroup>
  <ItemGroup>
    <Filter Include="Source">
      <UniqueIdentifier>{4b0518a4-02a3-4ab5-b4c8-89643b2f6968}</UniqueIdentifier>
    </Filter>
    <Filter Include="Include">
      <UniqueIdentifier>{0fb203ad-2dfd-48b8-b1a7-e655889e4a3f}</UniqueIdentifier>
    </Filter>
  </ItemGroup>
  <ItemGroup>
    <ClInclude Include="include\Game.h">
      <Filter>Include</Filter>
    </ClInclude>
    <ClInclude Include="include\Sun.h">
      <Filter>Include</Filter>
    </ClInclude>
    <ClInclude Include="include\Scene.h">
      <Filter>Include</Filter>
    </ClInclude>
    <ClInclude Include="include\SceneTessellation.h">
      <Filter>Include</Filter>
    </ClInclude>
  </ItemGroup>
</Project>