<?xml version="1.0" encoding="utf-8"?>
<Project ToolsVersion="4.0" xmlns="http://schemas.microsoft.com/developer/msbuild/2003">
  <ItemGroup>
    <Filter Include="Source Files">
      <UniqueIdentifier>{4FC737F1-C7A5-4376-A066-2A32D752A2FF}</UniqueIdentifier>
      <Extensions>cpp;c;cc;cxx;def;odl;idl;hpj;bat;asm;asmx</Extensions>
    </Filter>
    <Filter Include="Header Files">
      <UniqueIdentifier>{93995380-89BD-4b04-88EB-625FBE52EBFB}</UniqueIdentifier>
      <Extensions>h;hpp;hxx;hm;inl;inc;xsd</Extensions>
    </Filter>
    <Filter Include="Source Files\Core">
      <UniqueIdentifier>{68d50880-3b36-46e7-b2ce-670c81b0d80d}</UniqueIdentifier>
    </Filter>
    <Filter Include="Header Files\Core">
      <UniqueIdentifier>{5a494202-1728-4048-a253-a0de5440ecd2}</UniqueIdentifier>
    </Filter>
    <Filter Include="Header Files\Core\Logging">
      <UniqueIdentifier>{a68ce750-d5ef-433a-a7b9-c6b7b87f1cd4}</UniqueIdentifier>
    </Filter>
    <Filter Include="Header Files\Core\Memory">
      <UniqueIdentifier>{f9fdbb70-9e32-4b69-b412-2b72faf7d6b6}</UniqueIdentifier>
    </Filter>
    <Filter Include="Header Files\Core\Utils">
      <UniqueIdentifier>{ab910717-264a-445e-8545-85e3e20a505b}</UniqueIdentifier>
    </Filter>
    <Filter Include="Source Files\Core\Logging">
      <UniqueIdentifier>{43bdffa5-ecf2-4b77-99bc-723680333003}</UniqueIdentifier>
    </Filter>
    <Filter Include="Source Files\Core\Memory">
      <UniqueIdentifier>{13f874e1-d6ae-4407-a6fc-6717392ecbd8}</UniqueIdentifier>
    </Filter>
    <Filter Include="Source Files\Core\Utils">
      <UniqueIdentifier>{05c56eae-62a1-484f-822e-7a6d9071a4ca}</UniqueIdentifier>
    </Filter>
    <Filter Include="Header Files\Core\Containers">
      <UniqueIdentifier>{8f7619c7-3070-47dd-9384-05d95b47af54}</UniqueIdentifier>
    </Filter>
    <Filter Include="Thirdparty">
      <UniqueIdentifier>{7b2a64d1-5223-4406-82fa-d4f188db9cc9}</UniqueIdentifier>
    </Filter>
    <Filter Include="Thirdparty\dlmalloc">
      <UniqueIdentifier>{0815c268-49c7-420a-bc5b-abebc3b3dfbd}</UniqueIdentifier>
    </Filter>
    <Filter Include="Source Files\Core\Containers">
      <UniqueIdentifier>{2ea7e2ba-7c3b-45f7-9b1a-2371f7affaae}</UniqueIdentifier>
    </Filter>
    <Filter Include="Header Files\Core\Threading">
      <UniqueIdentifier>{18146542-e34f-41f3-ad55-3525c106ace0}</UniqueIdentifier>
    </Filter>
    <Filter Include="Source Files\Core\Threading">
      <UniqueIdentifier>{11337b56-64ba-402e-8f60-0787d4a83572}</UniqueIdentifier>
    </Filter>
    <Filter Include="Source Files\Video">
      <UniqueIdentifier>{a3d5ad5b-531b-4acc-884f-cf6a512e7c46}</UniqueIdentifier>
    </Filter>
    <Filter Include="Header Files\Video">
      <UniqueIdentifier>{ff44cc03-febf-440e-aeba-dc7ede80161e}</UniqueIdentifier>
    </Filter>
    <Filter Include="Header Files\Input">
      <UniqueIdentifier>{0589469a-d5b2-4b4f-a1d1-78d13b8ec233}</UniqueIdentifier>
    </Filter>
    <Filter Include="Source Files\Input">
      <UniqueIdentifier>{ae728930-1c33-4a76-b666-cfe6f16f8dac}</UniqueIdentifier>
    </Filter>
    <Filter Include="Source Files\Video\OpenGL">
      <UniqueIdentifier>{911dcb5c-05b8-4bfa-8f92-ae99563ab968}</UniqueIdentifier>
    </Filter>
    <Filter Include="Header Files\Video\OpenGL">
      <UniqueIdentifier>{b020985c-9da4-4ad3-979d-4cd16d0ceffd}</UniqueIdentifier>
    </Filter>
  </ItemGroup>
  <ItemGroup>
    <ClCompile Include="src\Core\Engine.cpp">
      <Filter>Source Files\Core</Filter>
    </ClCompile>
    <ClCompile Include="src\Core\Logging\JonsOutputStream.cpp">
      <Filter>Source Files\Core\Logging</Filter>
    </ClCompile>
    <ClCompile Include="src\Core\Logging\JonsStreamBuf.cpp">
      <Filter>Source Files\Core\Logging</Filter>
    </ClCompile>
    <ClCompile Include="src\Core\Utils\JonsTime.cpp">
      <Filter>Source Files\Core\Utils</Filter>
    </ClCompile>
    <ClCompile Include="..\Thirdparty\dlmalloc\dlmalloc.c">
      <Filter>Thirdparty\dlmalloc</Filter>
    </ClCompile>
    <ClCompile Include="src\Core\EngineSettings.cpp">
      <Filter>Source Files\Core</Filter>
    </ClCompile>
    <ClCompile Include="src\Core\Memory\HeapAllocator.cpp">
      <Filter>Source Files\Core\Memory</Filter>
    </ClCompile>
    <ClCompile Include="src\Core\Threading\Thread.cpp">
      <Filter>Source Files\Core\Threading</Filter>
    </ClCompile>
    <ClCompile Include="src\Core\Threading\Mutex.cpp">
      <Filter>Source Files\Core\Threading</Filter>
    </ClCompile>
    <ClCompile Include="src\Core\Threading\ThreadPool.cpp">
      <Filter>Source Files\Core\Threading</Filter>
    </ClCompile>
    <ClCompile Include="src\Core\Threading\ConditionVariable.cpp">
      <Filter>Source Files\Core\Threading</Filter>
    </ClCompile>
    <ClCompile Include="src\Core\Logging\LogManager.cpp">
      <Filter>Source Files\Core\Logging</Filter>
    </ClCompile>
    <ClCompile Include="src\Core\Logging\Logger.cpp">
      <Filter>Source Files\Core\Logging</Filter>
    </ClCompile>
    <ClCompile Include="src\Video\RenderBase.cpp">
      <Filter>Source Files\Video</Filter>
    </ClCompile>
    <ClCompile Include="src\Input\InputManager.cpp">
      <Filter>Source Files\Input</Filter>
    </ClCompile>
    <ClCompile Include="src\Video\OpenGL\RenderOpenGL.cpp">
      <Filter>Source Files\Video\OpenGL</Filter>
    </ClCompile>
    <ClCompile Include="src\Video\OpenGL\Shader.cpp">
      <Filter>Source Files\Video\OpenGL</Filter>
    </ClCompile>
    <ClCompile Include="src\Video\OpenGL\ShaderProgram.cpp">
      <Filter>Source Files\Video\OpenGL</Filter>
    </ClCompile>
  </ItemGroup>
  <ItemGroup>
    <ClInclude Include="include\Core\Engine.h">
      <Filter>Header Files\Core</Filter>
    </ClInclude>
    <ClInclude Include="include\Core\Utils\JonsTime.h">
      <Filter>Header Files\Core\Utils</Filter>
    </ClInclude>
    <ClInclude Include="include\Core\Logging\JonsOutputStream.h">
      <Filter>Header Files\Core\Logging</Filter>
    </ClInclude>
    <ClInclude Include="include\Core\Logging\JonsStreamBuf.h">
      <Filter>Header Files\Core\Logging</Filter>
    </ClInclude>
    <ClInclude Include="..\Thirdparty\dlmalloc\dlmalloc.h">
      <Filter>Thirdparty\dlmalloc</Filter>
    </ClInclude>
    <ClInclude Include="include\Core\EngineSettings.h">
      <Filter>Header Files\Core</Filter>
    </ClInclude>
    <ClInclude Include="include\Core\Memory\HeapAllocator.h">
      <Filter>Header Files\Core\Memory</Filter>
    </ClInclude>
    <ClInclude Include="include\Core\Threading\Thread.h">
      <Filter>Header Files\Core\Threading</Filter>
    </ClInclude>
    <ClInclude Include="include\Core\Threading\Mutex.h">
      <Filter>Header Files\Core\Threading</Filter>
    </ClInclude>
    <ClInclude Include="include\Core\Threading\ConditionVariable.h">
      <Filter>Header Files\Core\Threading</Filter>
    </ClInclude>
    <ClInclude Include="include\Core\Threading\ThreadPool.h">
      <Filter>Header Files\Core\Threading</Filter>
    </ClInclude>
    <ClInclude Include="include\Core\Threading\ScopedLock.h">
      <Filter>Header Files\Core\Threading</Filter>
    </ClInclude>
    <ClInclude Include="include\Core\Containers\Vector.h">
      <Filter>Header Files\Core\Containers</Filter>
    </ClInclude>
    <ClInclude Include="include\Core\Logging\LogManager.h">
      <Filter>Header Files\Core\Logging</Filter>
    </ClInclude>
    <ClInclude Include="include\Core\Logging\Logger.h">
      <Filter>Header Files\Core\Logging</Filter>
    </ClInclude>
    <ClInclude Include="include\Video\RenderBase.h">
      <Filter>Header Files\Video</Filter>
    </ClInclude>
    <ClInclude Include="include\Core\Memory\IMemoryAllocator.h">
      <Filter>Header Files\Core\Memory</Filter>
    </ClInclude>
    <ClInclude Include="include\Core\EngineDefs.h">
      <Filter>Header Files\Core</Filter>
    </ClInclude>
    <ClInclude Include="include\Core\Utils\Types.h">
      <Filter>Header Files\Core\Utils</Filter>
    </ClInclude>
    <ClInclude Include="include\Input\InputManager.h">
      <Filter>Header Files\Input</Filter>
    </ClInclude>
    <ClInclude Include="include\Input\IKeyListener.h">
      <Filter>Header Files\Input</Filter>
    </ClInclude>
    <ClInclude Include="include\Input\IMouseListener.h">
      <Filter>Header Files\Input</Filter>
    </ClInclude>
    <ClInclude Include="include\Input\KeyEvent.h">
      <Filter>Header Files\Input</Filter>
    </ClInclude>
    <ClInclude Include="include\Input\MouseEvent.h">
      <Filter>Header Files\Input</Filter>
    </ClInclude>
    <ClInclude Include="include\Video\OpenGL\RenderOpenGL.h">
      <Filter>Header Files\Video\OpenGL</Filter>
    </ClInclude>
    <ClInclude Include="include\Video\OpenGL\Shader.h">
      <Filter>Header Files\Video\OpenGL</Filter>
    </ClInclude>
    <ClInclude Include="include\Video\OpenGL\ShaderProgram.h">
      <Filter>Header Files\Video\OpenGL</Filter>
    </ClInclude>
  </ItemGroup>
</Project>