
Microsoft Visual Studio Solution File, Format Version 11.00
# Visual Studio 2010
Project("{8BC9CEB8-8B4A-11D0-8D11-00A0C91BC942}") = "JonsEngine", "JonsEngine.vcxproj", "{96000F2E-1268-46DB-AE59-2F0F4C3EBAC9}"
	ProjectSection(ProjectDependencies) = postProject
		{1AD99A16-DBF2-7838-CE9F-97BA798AD85B} = {1AD99A16-DBF2-7838-CE9F-97BA798AD85B}
		{4DA03747-F505-4A98-9124-03B3B73B9B3B} = {4DA03747-F505-4A98-9124-03B3B73B9B3B}
	EndProjectSection
EndProject
Project("{8BC9CEB8-8B4A-11D0-8D11-00A0C91BC942}") = "JonsEngineTests", "..\JonsEngineTests\JonsEngineTests.vcxproj", "{FBA30677-8B2D-4C07-B437-D2C046261DD9}"
	ProjectSection(ProjectDependencies) = postProject
		{1AD99A16-DBF2-7838-CE9F-97BA798AD85B} = {1AD99A16-DBF2-7838-CE9F-97BA798AD85B}
		{96000F2E-1268-46DB-AE59-2F0F4C3EBAC9} = {96000F2E-1268-46DB-AE59-2F0F4C3EBAC9}
		{4DA03747-F505-4A98-9124-03B3B73B9B3B} = {4DA03747-F505-4A98-9124-03B3B73B9B3B}
	EndProjectSection
EndProject
Project("{8BC9CEB8-8B4A-11D0-8D11-00A0C91BC942}") = "glew_static", "..\Thirdparty\glew-1.9.0\build\vc10\glew_static.vcxproj", "{1AD99A16-DBF2-7838-CE9F-97BA798AD85B}"
EndProject
Project("{8BC9CEB8-8B4A-11D0-8D11-00A0C91BC942}") = "GLFW", "..\Thirdparty\glfw-2.7.6\support\msvc100\GLFW.vcxproj", "{4DA03747-F505-4A98-9124-03B3B73B9B3B}"
EndProject
Project("{8BC9CEB8-8B4A-11D0-8D11-00A0C91BC942}") = "JonsGame", "..\JonsGame\JonsGame.vcxproj", "{45F3DCBE-B625-4942-A943-A5AF20F042A4}"
	ProjectSection(ProjectDependencies) = postProject
		{1AD99A16-DBF2-7838-CE9F-97BA798AD85B} = {1AD99A16-DBF2-7838-CE9F-97BA798AD85B}
		{96000F2E-1268-46DB-AE59-2F0F4C3EBAC9} = {96000F2E-1268-46DB-AE59-2F0F4C3EBAC9}
		{4DA03747-F505-4A98-9124-03B3B73B9B3B} = {4DA03747-F505-4A98-9124-03B3B73B9B3B}
	EndProjectSection
EndProject
Project("{8BC9CEB8-8B4A-11D0-8D11-00A0C91BC942}") = "JonsAssetImporter", "..\JonsTools\JonsAssetImporter\JonsAssetImporter.vcxproj", "{A697207F-4B50-48FD-A9DF-13EA47F5531A}"
	ProjectSection(ProjectDependencies) = postProject
		{96000F2E-1268-46DB-AE59-2F0F4C3EBAC9} = {96000F2E-1268-46DB-AE59-2F0F4C3EBAC9}
		{5691E159-2D9B-407F-971F-EA5C592DC524} = {5691E159-2D9B-407F-971F-EA5C592DC524}
		{9E219DF2-315D-478E-8A07-8960C377CE1E} = {9E219DF2-315D-478E-8A07-8960C377CE1E}
	EndProjectSection
EndProject
Project("{8BC9CEB8-8B4A-11D0-8D11-00A0C91BC942}") = "assimp", "..\Thirdparty\assimp--3.0.1270-sdk\workspaces\vc9\assimp.vcxproj", "{5691E159-2D9B-407F-971F-EA5C592DC524}"
EndProject
Project("{2150E333-8FDC-42A3-9474-1A3956D46DE8}") = "Tools", "Tools", "{3C0DBE1F-B9E9-4729-BE9E-FDA80F1A3E6E}"
EndProject
Project("{2150E333-8FDC-42A3-9474-1A3956D46DE8}") = "Engine", "Engine", "{121A489D-023F-48A0-8338-BF48141F8D7E}"
EndProject
Project("{2150E333-8FDC-42A3-9474-1A3956D46DE8}") = "Test", "Test", "{CDC77E2B-807F-48C6-B8E4-02A6EAB10538}"
EndProject
Project("{8BC9CEB8-8B4A-11D0-8D11-00A0C91BC942}") = "FreeImageLib", "..\Thirdparty\FreeImage\Source\FreeImageLib\FreeImageLib.2008.vcxproj", "{9E219DF2-315D-478E-8A07-8960C377CE1E}"
	ProjectSection(ProjectDependencies) = postProject
		{E3536C28-A7F1-4B53-8E52-7D2232F9E098} = {E3536C28-A7F1-4B53-8E52-7D2232F9E098}
		{17A4874B-0606-4687-90B6-F91F8CB3B8AF} = {17A4874B-0606-4687-90B6-F91F8CB3B8AF}
		{7DB10B50-CE00-4D7A-B322-6824F05D2FCB} = {7DB10B50-CE00-4D7A-B322-6824F05D2FCB}
		{5E1D4E5F-E10C-4BA3-B663-F33014FD21D9} = {5E1D4E5F-E10C-4BA3-B663-F33014FD21D9}
		{33134F61-C1AD-4B6F-9CEA-503A9F140C52} = {33134F61-C1AD-4B6F-9CEA-503A9F140C52}
		{EC085CBD-E9C3-477F-9A97-CB9D5DA30E27} = {EC085CBD-E9C3-477F-9A97-CB9D5DA30E27}
		{07F662C1-1323-42AB-B6AF-FBFD34A7437A} = {07F662C1-1323-42AB-B6AF-FBFD34A7437A}
	EndProjectSection
EndProject
Project("{8BC9CEB8-8B4A-11D0-8D11-00A0C91BC942}") = "LibJPEG", "..\Thirdparty\FreeImage\Source\LibJPEG\LibJPEG.2008.vcxproj", "{5E1D4E5F-E10C-4BA3-B663-F33014FD21D9}"
EndProject
Project("{8BC9CEB8-8B4A-11D0-8D11-00A0C91BC942}") = "LibOpenJPEG", "..\Thirdparty\FreeImage\Source\LibOpenJPEG\LibOpenJPEG.2008.vcxproj", "{E3536C28-A7F1-4B53-8E52-7D2232F9E098}"
EndProject
Project("{8BC9CEB8-8B4A-11D0-8D11-00A0C91BC942}") = "LibPNG", "..\Thirdparty\FreeImage\Source\LibPNG\LibPNG.2008.vcxproj", "{7DB10B50-CE00-4D7A-B322-6824F05D2FCB}"
	ProjectSection(ProjectDependencies) = postProject
		{33134F61-C1AD-4B6F-9CEA-503A9F140C52} = {33134F61-C1AD-4B6F-9CEA-503A9F140C52}
	EndProjectSection
EndProject
Project("{8BC9CEB8-8B4A-11D0-8D11-00A0C91BC942}") = "LibRaw", "..\Thirdparty\FreeImage\Source\LibRawLite\LibRawLite.2008.vcxproj", "{07F662C1-1323-42AB-B6AF-FBFD34A7437A}"
EndProject
Project("{8BC9CEB8-8B4A-11D0-8D11-00A0C91BC942}") = "LibTIFF4", "..\Thirdparty\FreeImage\Source\LibTIFF4\LibTIFF4.2008.vcxproj", "{EC085CBD-E9C3-477F-9A97-CB9D5DA30E27}"
	ProjectSection(ProjectDependencies) = postProject
		{33134F61-C1AD-4B6F-9CEA-503A9F140C52} = {33134F61-C1AD-4B6F-9CEA-503A9F140C52}
	EndProjectSection
EndProject
Project("{8BC9CEB8-8B4A-11D0-8D11-00A0C91BC942}") = "OpenEXR", "..\Thirdparty\FreeImage\Source\OpenEXR\OpenEXR.2008.vcxproj", "{17A4874B-0606-4687-90B6-F91F8CB3B8AF}"
	ProjectSection(ProjectDependencies) = postProject
		{33134F61-C1AD-4B6F-9CEA-503A9F140C52} = {33134F61-C1AD-4B6F-9CEA-503A9F140C52}
	EndProjectSection
EndProject
Project("{8BC9CEB8-8B4A-11D0-8D11-00A0C91BC942}") = "ZLib", "..\Thirdparty\FreeImage\Source\ZLib\ZLib.2008.vcxproj", "{33134F61-C1AD-4B6F-9CEA-503A9F140C52}"
EndProject
Global
	GlobalSection(SolutionConfigurationPlatforms) = preSolution
		Debug MX|Win32 = Debug MX|Win32
		Debug MX|x64 = Debug MX|x64
		Debug|Win32 = Debug|Win32
		Debug|x64 = Debug|x64
		debug-dll|Win32 = debug-dll|Win32
		debug-dll|x64 = debug-dll|x64
		debug-noboost-st|Win32 = debug-noboost-st|Win32
		debug-noboost-st|x64 = debug-noboost-st|x64
		debug-st|Win32 = debug-st|Win32
		debug-st|x64 = debug-st|x64
		Release MX|Win32 = Release MX|Win32
		Release MX|x64 = Release MX|x64
		Release|Win32 = Release|Win32
		Release|x64 = Release|x64
		release-dll|Win32 = release-dll|Win32
		release-dll|x64 = release-dll|x64
		release-noboost-st|Win32 = release-noboost-st|Win32
		release-noboost-st|x64 = release-noboost-st|x64
		release-st|Win32 = release-st|Win32
		release-st|x64 = release-st|x64
		Template|Win32 = Template|Win32
		Template|x64 = Template|x64
	EndGlobalSection
	GlobalSection(ProjectConfigurationPlatforms) = postSolution
		{96000F2E-1268-46DB-AE59-2F0F4C3EBAC9}.Debug MX|Win32.ActiveCfg = Debug|Win32
		{96000F2E-1268-46DB-AE59-2F0F4C3EBAC9}.Debug MX|Win32.Build.0 = Debug|Win32
		{96000F2E-1268-46DB-AE59-2F0F4C3EBAC9}.Debug MX|x64.ActiveCfg = Debug|Win32
		{96000F2E-1268-46DB-AE59-2F0F4C3EBAC9}.Debug|Win32.ActiveCfg = Debug|Win32
		{96000F2E-1268-46DB-AE59-2F0F4C3EBAC9}.Debug|Win32.Build.0 = Debug|Win32
		{96000F2E-1268-46DB-AE59-2F0F4C3EBAC9}.Debug|x64.ActiveCfg = Debug|Win32
		{96000F2E-1268-46DB-AE59-2F0F4C3EBAC9}.debug-dll|Win32.ActiveCfg = Debug|Win32
		{96000F2E-1268-46DB-AE59-2F0F4C3EBAC9}.debug-dll|Win32.Build.0 = Debug|Win32
		{96000F2E-1268-46DB-AE59-2F0F4C3EBAC9}.debug-dll|x64.ActiveCfg = Debug|Win32
		{96000F2E-1268-46DB-AE59-2F0F4C3EBAC9}.debug-noboost-st|Win32.ActiveCfg = Debug|Win32
		{96000F2E-1268-46DB-AE59-2F0F4C3EBAC9}.debug-noboost-st|Win32.Build.0 = Debug|Win32
		{96000F2E-1268-46DB-AE59-2F0F4C3EBAC9}.debug-noboost-st|x64.ActiveCfg = Debug|Win32
		{96000F2E-1268-46DB-AE59-2F0F4C3EBAC9}.debug-st|Win32.ActiveCfg = Debug|Win32
		{96000F2E-1268-46DB-AE59-2F0F4C3EBAC9}.debug-st|Win32.Build.0 = Debug|Win32
		{96000F2E-1268-46DB-AE59-2F0F4C3EBAC9}.debug-st|x64.ActiveCfg = Debug|Win32
		{96000F2E-1268-46DB-AE59-2F0F4C3EBAC9}.Release MX|Win32.ActiveCfg = Release|Win32
		{96000F2E-1268-46DB-AE59-2F0F4C3EBAC9}.Release MX|Win32.Build.0 = Release|Win32
		{96000F2E-1268-46DB-AE59-2F0F4C3EBAC9}.Release MX|x64.ActiveCfg = Release|Win32
		{96000F2E-1268-46DB-AE59-2F0F4C3EBAC9}.Release|Win32.ActiveCfg = Release|Win32
		{96000F2E-1268-46DB-AE59-2F0F4C3EBAC9}.Release|Win32.Build.0 = Release|Win32
		{96000F2E-1268-46DB-AE59-2F0F4C3EBAC9}.Release|x64.ActiveCfg = Release|Win32
		{96000F2E-1268-46DB-AE59-2F0F4C3EBAC9}.release-dll|Win32.ActiveCfg = Release|Win32
		{96000F2E-1268-46DB-AE59-2F0F4C3EBAC9}.release-dll|Win32.Build.0 = Release|Win32
		{96000F2E-1268-46DB-AE59-2F0F4C3EBAC9}.release-dll|x64.ActiveCfg = Release|Win32
		{96000F2E-1268-46DB-AE59-2F0F4C3EBAC9}.release-noboost-st|Win32.ActiveCfg = Release|Win32
		{96000F2E-1268-46DB-AE59-2F0F4C3EBAC9}.release-noboost-st|Win32.Build.0 = Release|Win32
		{96000F2E-1268-46DB-AE59-2F0F4C3EBAC9}.release-noboost-st|x64.ActiveCfg = Release|Win32
		{96000F2E-1268-46DB-AE59-2F0F4C3EBAC9}.release-st|Win32.ActiveCfg = Release|Win32
		{96000F2E-1268-46DB-AE59-2F0F4C3EBAC9}.release-st|Win32.Build.0 = Release|Win32
		{96000F2E-1268-46DB-AE59-2F0F4C3EBAC9}.release-st|x64.ActiveCfg = Release|Win32
		{96000F2E-1268-46DB-AE59-2F0F4C3EBAC9}.Template|Win32.ActiveCfg = Release|Win32
		{96000F2E-1268-46DB-AE59-2F0F4C3EBAC9}.Template|Win32.Build.0 = Release|Win32
		{96000F2E-1268-46DB-AE59-2F0F4C3EBAC9}.Template|x64.ActiveCfg = Release|Win32
		{FBA30677-8B2D-4C07-B437-D2C046261DD9}.Debug MX|Win32.ActiveCfg = Debug|Win32
		{FBA30677-8B2D-4C07-B437-D2C046261DD9}.Debug MX|Win32.Build.0 = Debug|Win32
		{FBA30677-8B2D-4C07-B437-D2C046261DD9}.Debug MX|x64.ActiveCfg = Debug|Win32
		{FBA30677-8B2D-4C07-B437-D2C046261DD9}.Debug|Win32.ActiveCfg = Debug|Win32
		{FBA30677-8B2D-4C07-B437-D2C046261DD9}.Debug|Win32.Build.0 = Debug|Win32
		{FBA30677-8B2D-4C07-B437-D2C046261DD9}.Debug|x64.ActiveCfg = Debug|Win32
		{FBA30677-8B2D-4C07-B437-D2C046261DD9}.debug-dll|Win32.ActiveCfg = Debug|Win32
		{FBA30677-8B2D-4C07-B437-D2C046261DD9}.debug-dll|Win32.Build.0 = Debug|Win32
		{FBA30677-8B2D-4C07-B437-D2C046261DD9}.debug-dll|x64.ActiveCfg = Debug|Win32
		{FBA30677-8B2D-4C07-B437-D2C046261DD9}.debug-noboost-st|Win32.ActiveCfg = Debug|Win32
		{FBA30677-8B2D-4C07-B437-D2C046261DD9}.debug-noboost-st|Win32.Build.0 = Debug|Win32
		{FBA30677-8B2D-4C07-B437-D2C046261DD9}.debug-noboost-st|x64.ActiveCfg = Debug|Win32
		{FBA30677-8B2D-4C07-B437-D2C046261DD9}.debug-st|Win32.ActiveCfg = Debug|Win32
		{FBA30677-8B2D-4C07-B437-D2C046261DD9}.debug-st|Win32.Build.0 = Debug|Win32
		{FBA30677-8B2D-4C07-B437-D2C046261DD9}.debug-st|x64.ActiveCfg = Debug|Win32
		{FBA30677-8B2D-4C07-B437-D2C046261DD9}.Release MX|Win32.ActiveCfg = Release|Win32
		{FBA30677-8B2D-4C07-B437-D2C046261DD9}.Release MX|Win32.Build.0 = Release|Win32
		{FBA30677-8B2D-4C07-B437-D2C046261DD9}.Release MX|x64.ActiveCfg = Release|Win32
		{FBA30677-8B2D-4C07-B437-D2C046261DD9}.Release|Win32.ActiveCfg = Release|Win32
		{FBA30677-8B2D-4C07-B437-D2C046261DD9}.Release|Win32.Build.0 = Release|Win32
		{FBA30677-8B2D-4C07-B437-D2C046261DD9}.Release|x64.ActiveCfg = Release|Win32
		{FBA30677-8B2D-4C07-B437-D2C046261DD9}.release-dll|Win32.ActiveCfg = Release|Win32
		{FBA30677-8B2D-4C07-B437-D2C046261DD9}.release-dll|Win32.Build.0 = Release|Win32
		{FBA30677-8B2D-4C07-B437-D2C046261DD9}.release-dll|x64.ActiveCfg = Release|Win32
		{FBA30677-8B2D-4C07-B437-D2C046261DD9}.release-noboost-st|Win32.ActiveCfg = Release|Win32
		{FBA30677-8B2D-4C07-B437-D2C046261DD9}.release-noboost-st|Win32.Build.0 = Release|Win32
		{FBA30677-8B2D-4C07-B437-D2C046261DD9}.release-noboost-st|x64.ActiveCfg = Release|Win32
		{FBA30677-8B2D-4C07-B437-D2C046261DD9}.release-st|Win32.ActiveCfg = Release|Win32
		{FBA30677-8B2D-4C07-B437-D2C046261DD9}.release-st|Win32.Build.0 = Release|Win32
		{FBA30677-8B2D-4C07-B437-D2C046261DD9}.release-st|x64.ActiveCfg = Release|Win32
		{FBA30677-8B2D-4C07-B437-D2C046261DD9}.Template|Win32.ActiveCfg = Release|Win32
		{FBA30677-8B2D-4C07-B437-D2C046261DD9}.Template|Win32.Build.0 = Release|Win32
		{FBA30677-8B2D-4C07-B437-D2C046261DD9}.Template|x64.ActiveCfg = Release|Win32
		{1AD99A16-DBF2-7838-CE9F-97BA798AD85B}.Debug MX|Win32.ActiveCfg = Debug MX|Win32
		{1AD99A16-DBF2-7838-CE9F-97BA798AD85B}.Debug MX|Win32.Build.0 = Debug MX|Win32
		{1AD99A16-DBF2-7838-CE9F-97BA798AD85B}.Debug MX|x64.ActiveCfg = Debug MX|Win32
		{1AD99A16-DBF2-7838-CE9F-97BA798AD85B}.Debug|Win32.ActiveCfg = Debug|Win32
		{1AD99A16-DBF2-7838-CE9F-97BA798AD85B}.Debug|Win32.Build.0 = Debug|Win32
		{1AD99A16-DBF2-7838-CE9F-97BA798AD85B}.Debug|x64.ActiveCfg = Debug|Win32
		{1AD99A16-DBF2-7838-CE9F-97BA798AD85B}.debug-dll|Win32.ActiveCfg = Debug|Win32
		{1AD99A16-DBF2-7838-CE9F-97BA798AD85B}.debug-dll|Win32.Build.0 = Debug|Win32
		{1AD99A16-DBF2-7838-CE9F-97BA798AD85B}.debug-dll|x64.ActiveCfg = Debug|Win32
		{1AD99A16-DBF2-7838-CE9F-97BA798AD85B}.debug-noboost-st|Win32.ActiveCfg = Debug|Win32
		{1AD99A16-DBF2-7838-CE9F-97BA798AD85B}.debug-noboost-st|Win32.Build.0 = Debug|Win32
		{1AD99A16-DBF2-7838-CE9F-97BA798AD85B}.debug-noboost-st|x64.ActiveCfg = Debug|Win32
		{1AD99A16-DBF2-7838-CE9F-97BA798AD85B}.debug-st|Win32.ActiveCfg = Debug|Win32
		{1AD99A16-DBF2-7838-CE9F-97BA798AD85B}.debug-st|Win32.Build.0 = Debug|Win32
		{1AD99A16-DBF2-7838-CE9F-97BA798AD85B}.debug-st|x64.ActiveCfg = Debug|Win32
		{1AD99A16-DBF2-7838-CE9F-97BA798AD85B}.Release MX|Win32.ActiveCfg = Release MX|Win32
		{1AD99A16-DBF2-7838-CE9F-97BA798AD85B}.Release MX|Win32.Build.0 = Release MX|Win32
		{1AD99A16-DBF2-7838-CE9F-97BA798AD85B}.Release MX|x64.ActiveCfg = Release MX|Win32
		{1AD99A16-DBF2-7838-CE9F-97BA798AD85B}.Release|Win32.ActiveCfg = Release|Win32
		{1AD99A16-DBF2-7838-CE9F-97BA798AD85B}.Release|Win32.Build.0 = Release|Win32
		{1AD99A16-DBF2-7838-CE9F-97BA798AD85B}.Release|x64.ActiveCfg = Release|Win32
		{1AD99A16-DBF2-7838-CE9F-97BA798AD85B}.release-dll|Win32.ActiveCfg = Release|Win32
		{1AD99A16-DBF2-7838-CE9F-97BA798AD85B}.release-dll|Win32.Build.0 = Release|Win32
		{1AD99A16-DBF2-7838-CE9F-97BA798AD85B}.release-dll|x64.ActiveCfg = Release|Win32
		{1AD99A16-DBF2-7838-CE9F-97BA798AD85B}.release-noboost-st|Win32.ActiveCfg = Release|Win32
		{1AD99A16-DBF2-7838-CE9F-97BA798AD85B}.release-noboost-st|Win32.Build.0 = Release|Win32
		{1AD99A16-DBF2-7838-CE9F-97BA798AD85B}.release-noboost-st|x64.ActiveCfg = Release|Win32
		{1AD99A16-DBF2-7838-CE9F-97BA798AD85B}.release-st|Win32.ActiveCfg = Release|Win32
		{1AD99A16-DBF2-7838-CE9F-97BA798AD85B}.release-st|Win32.Build.0 = Release|Win32
		{1AD99A16-DBF2-7838-CE9F-97BA798AD85B}.release-st|x64.ActiveCfg = Release|Win32
		{1AD99A16-DBF2-7838-CE9F-97BA798AD85B}.Template|Win32.ActiveCfg = Template|Win32
		{1AD99A16-DBF2-7838-CE9F-97BA798AD85B}.Template|Win32.Build.0 = Template|Win32
		{1AD99A16-DBF2-7838-CE9F-97BA798AD85B}.Template|x64.ActiveCfg = Template|Win32
		{4DA03747-F505-4A98-9124-03B3B73B9B3B}.Debug MX|Win32.ActiveCfg = Debug|Win32
		{4DA03747-F505-4A98-9124-03B3B73B9B3B}.Debug MX|Win32.Build.0 = Debug|Win32
		{4DA03747-F505-4A98-9124-03B3B73B9B3B}.Debug MX|x64.ActiveCfg = Debug|Win32
		{4DA03747-F505-4A98-9124-03B3B73B9B3B}.Debug|Win32.ActiveCfg = Debug|Win32
		{4DA03747-F505-4A98-9124-03B3B73B9B3B}.Debug|Win32.Build.0 = Debug|Win32
		{4DA03747-F505-4A98-9124-03B3B73B9B3B}.Debug|x64.ActiveCfg = Debug|Win32
		{4DA03747-F505-4A98-9124-03B3B73B9B3B}.debug-dll|Win32.ActiveCfg = Debug|Win32
		{4DA03747-F505-4A98-9124-03B3B73B9B3B}.debug-dll|Win32.Build.0 = Debug|Win32
		{4DA03747-F505-4A98-9124-03B3B73B9B3B}.debug-dll|x64.ActiveCfg = Debug|Win32
		{4DA03747-F505-4A98-9124-03B3B73B9B3B}.debug-noboost-st|Win32.ActiveCfg = Debug|Win32
		{4DA03747-F505-4A98-9124-03B3B73B9B3B}.debug-noboost-st|Win32.Build.0 = Debug|Win32
		{4DA03747-F505-4A98-9124-03B3B73B9B3B}.debug-noboost-st|x64.ActiveCfg = Debug|Win32
		{4DA03747-F505-4A98-9124-03B3B73B9B3B}.debug-st|Win32.ActiveCfg = Debug|Win32
		{4DA03747-F505-4A98-9124-03B3B73B9B3B}.debug-st|Win32.Build.0 = Debug|Win32
		{4DA03747-F505-4A98-9124-03B3B73B9B3B}.debug-st|x64.ActiveCfg = Debug|Win32
		{4DA03747-F505-4A98-9124-03B3B73B9B3B}.Release MX|Win32.ActiveCfg = Release|Win32
		{4DA03747-F505-4A98-9124-03B3B73B9B3B}.Release MX|Win32.Build.0 = Release|Win32
		{4DA03747-F505-4A98-9124-03B3B73B9B3B}.Release MX|x64.ActiveCfg = Release|Win32
		{4DA03747-F505-4A98-9124-03B3B73B9B3B}.Release|Win32.ActiveCfg = Release|Win32
		{4DA03747-F505-4A98-9124-03B3B73B9B3B}.Release|Win32.Build.0 = Release|Win32
		{4DA03747-F505-4A98-9124-03B3B73B9B3B}.Release|x64.ActiveCfg = Release|Win32
		{4DA03747-F505-4A98-9124-03B3B73B9B3B}.release-dll|Win32.ActiveCfg = Release|Win32
		{4DA03747-F505-4A98-9124-03B3B73B9B3B}.release-dll|Win32.Build.0 = Release|Win32
		{4DA03747-F505-4A98-9124-03B3B73B9B3B}.release-dll|x64.ActiveCfg = Release|Win32
		{4DA03747-F505-4A98-9124-03B3B73B9B3B}.release-noboost-st|Win32.ActiveCfg = Release|Win32
		{4DA03747-F505-4A98-9124-03B3B73B9B3B}.release-noboost-st|Win32.Build.0 = Release|Win32
		{4DA03747-F505-4A98-9124-03B3B73B9B3B}.release-noboost-st|x64.ActiveCfg = Release|Win32
		{4DA03747-F505-4A98-9124-03B3B73B9B3B}.release-st|Win32.ActiveCfg = Release|Win32
		{4DA03747-F505-4A98-9124-03B3B73B9B3B}.release-st|Win32.Build.0 = Release|Win32
		{4DA03747-F505-4A98-9124-03B3B73B9B3B}.release-st|x64.ActiveCfg = Release|Win32
		{4DA03747-F505-4A98-9124-03B3B73B9B3B}.Template|Win32.ActiveCfg = Release|Win32
		{4DA03747-F505-4A98-9124-03B3B73B9B3B}.Template|Win32.Build.0 = Release|Win32
		{4DA03747-F505-4A98-9124-03B3B73B9B3B}.Template|x64.ActiveCfg = Release|Win32
		{45F3DCBE-B625-4942-A943-A5AF20F042A4}.Debug MX|Win32.ActiveCfg = Debug|Win32
		{45F3DCBE-B625-4942-A943-A5AF20F042A4}.Debug MX|Win32.Build.0 = Debug|Win32
		{45F3DCBE-B625-4942-A943-A5AF20F042A4}.Debug MX|x64.ActiveCfg = Debug|Win32
		{45F3DCBE-B625-4942-A943-A5AF20F042A4}.Debug|Win32.ActiveCfg = Debug|Win32
		{45F3DCBE-B625-4942-A943-A5AF20F042A4}.Debug|Win32.Build.0 = Debug|Win32
		{45F3DCBE-B625-4942-A943-A5AF20F042A4}.Debug|x64.ActiveCfg = Debug|Win32
		{45F3DCBE-B625-4942-A943-A5AF20F042A4}.debug-dll|Win32.ActiveCfg = Debug|Win32
		{45F3DCBE-B625-4942-A943-A5AF20F042A4}.debug-dll|Win32.Build.0 = Debug|Win32
		{45F3DCBE-B625-4942-A943-A5AF20F042A4}.debug-dll|x64.ActiveCfg = Debug|Win32
		{45F3DCBE-B625-4942-A943-A5AF20F042A4}.debug-noboost-st|Win32.ActiveCfg = Debug|Win32
		{45F3DCBE-B625-4942-A943-A5AF20F042A4}.debug-noboost-st|Win32.Build.0 = Debug|Win32
		{45F3DCBE-B625-4942-A943-A5AF20F042A4}.debug-noboost-st|x64.ActiveCfg = Debug|Win32
		{45F3DCBE-B625-4942-A943-A5AF20F042A4}.debug-st|Win32.ActiveCfg = Debug|Win32
		{45F3DCBE-B625-4942-A943-A5AF20F042A4}.debug-st|Win32.Build.0 = Debug|Win32
		{45F3DCBE-B625-4942-A943-A5AF20F042A4}.debug-st|x64.ActiveCfg = Debug|Win32
		{45F3DCBE-B625-4942-A943-A5AF20F042A4}.Release MX|Win32.ActiveCfg = Release|Win32
		{45F3DCBE-B625-4942-A943-A5AF20F042A4}.Release MX|Win32.Build.0 = Release|Win32
		{45F3DCBE-B625-4942-A943-A5AF20F042A4}.Release MX|x64.ActiveCfg = Release|Win32
		{45F3DCBE-B625-4942-A943-A5AF20F042A4}.Release|Win32.ActiveCfg = Release|Win32
		{45F3DCBE-B625-4942-A943-A5AF20F042A4}.Release|Win32.Build.0 = Release|Win32
		{45F3DCBE-B625-4942-A943-A5AF20F042A4}.Release|x64.ActiveCfg = Release|Win32
		{45F3DCBE-B625-4942-A943-A5AF20F042A4}.release-dll|Win32.ActiveCfg = Release|Win32
		{45F3DCBE-B625-4942-A943-A5AF20F042A4}.release-dll|Win32.Build.0 = Release|Win32
		{45F3DCBE-B625-4942-A943-A5AF20F042A4}.release-dll|x64.ActiveCfg = Release|Win32
		{45F3DCBE-B625-4942-A943-A5AF20F042A4}.release-noboost-st|Win32.ActiveCfg = Release|Win32
		{45F3DCBE-B625-4942-A943-A5AF20F042A4}.release-noboost-st|Win32.Build.0 = Release|Win32
		{45F3DCBE-B625-4942-A943-A5AF20F042A4}.release-noboost-st|x64.ActiveCfg = Release|Win32
		{45F3DCBE-B625-4942-A943-A5AF20F042A4}.release-st|Win32.ActiveCfg = Release|Win32
		{45F3DCBE-B625-4942-A943-A5AF20F042A4}.release-st|Win32.Build.0 = Release|Win32
		{45F3DCBE-B625-4942-A943-A5AF20F042A4}.release-st|x64.ActiveCfg = Release|Win32
		{45F3DCBE-B625-4942-A943-A5AF20F042A4}.Template|Win32.ActiveCfg = Release|Win32
		{45F3DCBE-B625-4942-A943-A5AF20F042A4}.Template|Win32.Build.0 = Release|Win32
		{45F3DCBE-B625-4942-A943-A5AF20F042A4}.Template|x64.ActiveCfg = Release|Win32
		{A697207F-4B50-48FD-A9DF-13EA47F5531A}.Debug MX|Win32.ActiveCfg = Debug|Win32
		{A697207F-4B50-48FD-A9DF-13EA47F5531A}.Debug MX|Win32.Build.0 = Debug|Win32
		{A697207F-4B50-48FD-A9DF-13EA47F5531A}.Debug MX|x64.ActiveCfg = Debug|Win32
		{A697207F-4B50-48FD-A9DF-13EA47F5531A}.Debug|Win32.ActiveCfg = Debug|Win32
		{A697207F-4B50-48FD-A9DF-13EA47F5531A}.Debug|Win32.Build.0 = Debug|Win32
		{A697207F-4B50-48FD-A9DF-13EA47F5531A}.Debug|x64.ActiveCfg = Debug|Win32
		{A697207F-4B50-48FD-A9DF-13EA47F5531A}.debug-dll|Win32.ActiveCfg = Debug|Win32
		{A697207F-4B50-48FD-A9DF-13EA47F5531A}.debug-dll|Win32.Build.0 = Debug|Win32
		{A697207F-4B50-48FD-A9DF-13EA47F5531A}.debug-dll|x64.ActiveCfg = Debug|Win32
		{A697207F-4B50-48FD-A9DF-13EA47F5531A}.debug-noboost-st|Win32.ActiveCfg = Debug|Win32
		{A697207F-4B50-48FD-A9DF-13EA47F5531A}.debug-noboost-st|Win32.Build.0 = Debug|Win32
		{A697207F-4B50-48FD-A9DF-13EA47F5531A}.debug-noboost-st|x64.ActiveCfg = Debug|Win32
		{A697207F-4B50-48FD-A9DF-13EA47F5531A}.debug-st|Win32.ActiveCfg = Debug|Win32
		{A697207F-4B50-48FD-A9DF-13EA47F5531A}.debug-st|Win32.Build.0 = Debug|Win32
		{A697207F-4B50-48FD-A9DF-13EA47F5531A}.debug-st|x64.ActiveCfg = Debug|Win32
		{A697207F-4B50-48FD-A9DF-13EA47F5531A}.Release MX|Win32.ActiveCfg = Release|Win32
		{A697207F-4B50-48FD-A9DF-13EA47F5531A}.Release MX|Win32.Build.0 = Release|Win32
		{A697207F-4B50-48FD-A9DF-13EA47F5531A}.Release MX|x64.ActiveCfg = Release|Win32
		{A697207F-4B50-48FD-A9DF-13EA47F5531A}.Release|Win32.ActiveCfg = Release|Win32
		{A697207F-4B50-48FD-A9DF-13EA47F5531A}.Release|Win32.Build.0 = Release|Win32
		{A697207F-4B50-48FD-A9DF-13EA47F5531A}.Release|x64.ActiveCfg = Release|Win32
		{A697207F-4B50-48FD-A9DF-13EA47F5531A}.release-dll|Win32.ActiveCfg = Release|Win32
		{A697207F-4B50-48FD-A9DF-13EA47F5531A}.release-dll|Win32.Build.0 = Release|Win32
		{A697207F-4B50-48FD-A9DF-13EA47F5531A}.release-dll|x64.ActiveCfg = Release|Win32
		{A697207F-4B50-48FD-A9DF-13EA47F5531A}.release-noboost-st|Win32.ActiveCfg = Release|Win32
		{A697207F-4B50-48FD-A9DF-13EA47F5531A}.release-noboost-st|Win32.Build.0 = Release|Win32
		{A697207F-4B50-48FD-A9DF-13EA47F5531A}.release-noboost-st|x64.ActiveCfg = Release|Win32
		{A697207F-4B50-48FD-A9DF-13EA47F5531A}.release-st|Win32.ActiveCfg = Release|Win32
		{A697207F-4B50-48FD-A9DF-13EA47F5531A}.release-st|Win32.Build.0 = Release|Win32
		{A697207F-4B50-48FD-A9DF-13EA47F5531A}.release-st|x64.ActiveCfg = Release|Win32
		{A697207F-4B50-48FD-A9DF-13EA47F5531A}.Template|Win32.ActiveCfg = Release|Win32
		{A697207F-4B50-48FD-A9DF-13EA47F5531A}.Template|Win32.Build.0 = Release|Win32
		{A697207F-4B50-48FD-A9DF-13EA47F5531A}.Template|x64.ActiveCfg = Release|Win32
		{5691E159-2D9B-407F-971F-EA5C592DC524}.Debug MX|Win32.ActiveCfg = debug|x64
		{5691E159-2D9B-407F-971F-EA5C592DC524}.Debug MX|x64.ActiveCfg = debug|x64
		{5691E159-2D9B-407F-971F-EA5C592DC524}.Debug MX|x64.Build.0 = debug|x64
		{5691E159-2D9B-407F-971F-EA5C592DC524}.Debug|Win32.ActiveCfg = debug|Win32
		{5691E159-2D9B-407F-971F-EA5C592DC524}.Debug|Win32.Build.0 = debug|Win32
		{5691E159-2D9B-407F-971F-EA5C592DC524}.Debug|x64.ActiveCfg = debug|x64
		{5691E159-2D9B-407F-971F-EA5C592DC524}.Debug|x64.Build.0 = debug|x64
		{5691E159-2D9B-407F-971F-EA5C592DC524}.debug-dll|Win32.ActiveCfg = debug-dll|Win32
		{5691E159-2D9B-407F-971F-EA5C592DC524}.debug-dll|Win32.Build.0 = debug-dll|Win32
		{5691E159-2D9B-407F-971F-EA5C592DC524}.debug-dll|x64.ActiveCfg = debug-dll|x64
		{5691E159-2D9B-407F-971F-EA5C592DC524}.debug-dll|x64.Build.0 = debug-dll|x64
		{5691E159-2D9B-407F-971F-EA5C592DC524}.debug-noboost-st|Win32.ActiveCfg = debug-noboost-st|Win32
		{5691E159-2D9B-407F-971F-EA5C592DC524}.debug-noboost-st|Win32.Build.0 = debug-noboost-st|Win32
		{5691E159-2D9B-407F-971F-EA5C592DC524}.debug-noboost-st|x64.ActiveCfg = debug-noboost-st|x64
		{5691E159-2D9B-407F-971F-EA5C592DC524}.debug-noboost-st|x64.Build.0 = debug-noboost-st|x64
		{5691E159-2D9B-407F-971F-EA5C592DC524}.debug-st|Win32.ActiveCfg = debug-st|Win32
		{5691E159-2D9B-407F-971F-EA5C592DC524}.debug-st|Win32.Build.0 = debug-st|Win32
		{5691E159-2D9B-407F-971F-EA5C592DC524}.debug-st|x64.ActiveCfg = debug-st|x64
		{5691E159-2D9B-407F-971F-EA5C592DC524}.debug-st|x64.Build.0 = debug-st|x64
		{5691E159-2D9B-407F-971F-EA5C592DC524}.Release MX|Win32.ActiveCfg = release|x64
		{5691E159-2D9B-407F-971F-EA5C592DC524}.Release MX|x64.ActiveCfg = release|x64
		{5691E159-2D9B-407F-971F-EA5C592DC524}.Release MX|x64.Build.0 = release|x64
		{5691E159-2D9B-407F-971F-EA5C592DC524}.Release|Win32.ActiveCfg = release|Win32
		{5691E159-2D9B-407F-971F-EA5C592DC524}.Release|Win32.Build.0 = release|Win32
		{5691E159-2D9B-407F-971F-EA5C592DC524}.Release|x64.ActiveCfg = release|x64
		{5691E159-2D9B-407F-971F-EA5C592DC524}.Release|x64.Build.0 = release|x64
		{5691E159-2D9B-407F-971F-EA5C592DC524}.release-dll|Win32.ActiveCfg = release-dll|Win32
		{5691E159-2D9B-407F-971F-EA5C592DC524}.release-dll|Win32.Build.0 = release-dll|Win32
		{5691E159-2D9B-407F-971F-EA5C592DC524}.release-dll|x64.ActiveCfg = release-dll|x64
		{5691E159-2D9B-407F-971F-EA5C592DC524}.release-dll|x64.Build.0 = release-dll|x64
		{5691E159-2D9B-407F-971F-EA5C592DC524}.release-noboost-st|Win32.ActiveCfg = release-noboost-st|Win32
		{5691E159-2D9B-407F-971F-EA5C592DC524}.release-noboost-st|Win32.Build.0 = release-noboost-st|Win32
		{5691E159-2D9B-407F-971F-EA5C592DC524}.release-noboost-st|x64.ActiveCfg = release-noboost-st|x64
		{5691E159-2D9B-407F-971F-EA5C592DC524}.release-noboost-st|x64.Build.0 = release-noboost-st|x64
		{5691E159-2D9B-407F-971F-EA5C592DC524}.release-st|Win32.ActiveCfg = release-st|Win32
		{5691E159-2D9B-407F-971F-EA5C592DC524}.release-st|Win32.Build.0 = release-st|Win32
		{5691E159-2D9B-407F-971F-EA5C592DC524}.release-st|x64.ActiveCfg = release-st|x64
		{5691E159-2D9B-407F-971F-EA5C592DC524}.release-st|x64.Build.0 = release-st|x64
		{5691E159-2D9B-407F-971F-EA5C592DC524}.Template|Win32.ActiveCfg = release|x64
		{5691E159-2D9B-407F-971F-EA5C592DC524}.Template|x64.ActiveCfg = release|x64
		{5691E159-2D9B-407F-971F-EA5C592DC524}.Template|x64.Build.0 = release|x64
		{9E219DF2-315D-478E-8A07-8960C377CE1E}.Debug MX|Win32.ActiveCfg = Debug|x64
		{9E219DF2-315D-478E-8A07-8960C377CE1E}.Debug MX|x64.ActiveCfg = Debug|x64
		{9E219DF2-315D-478E-8A07-8960C377CE1E}.Debug MX|x64.Build.0 = Debug|x64
		{9E219DF2-315D-478E-8A07-8960C377CE1E}.Debug|Win32.ActiveCfg = Debug|Win32
		{9E219DF2-315D-478E-8A07-8960C377CE1E}.Debug|Win32.Build.0 = Debug|Win32
		{9E219DF2-315D-478E-8A07-8960C377CE1E}.Debug|x64.ActiveCfg = Debug|x64
		{9E219DF2-315D-478E-8A07-8960C377CE1E}.Debug|x64.Build.0 = Debug|x64
		{9E219DF2-315D-478E-8A07-8960C377CE1E}.debug-dll|Win32.ActiveCfg = Debug|x64
		{9E219DF2-315D-478E-8A07-8960C377CE1E}.debug-dll|x64.ActiveCfg = Debug|x64
		{9E219DF2-315D-478E-8A07-8960C377CE1E}.debug-dll|x64.Build.0 = Debug|x64
		{9E219DF2-315D-478E-8A07-8960C377CE1E}.debug-noboost-st|Win32.ActiveCfg = Debug|x64
		{9E219DF2-315D-478E-8A07-8960C377CE1E}.debug-noboost-st|x64.ActiveCfg = Debug|x64
		{9E219DF2-315D-478E-8A07-8960C377CE1E}.debug-noboost-st|x64.Build.0 = Debug|x64
		{9E219DF2-315D-478E-8A07-8960C377CE1E}.debug-st|Win32.ActiveCfg = Debug|x64
		{9E219DF2-315D-478E-8A07-8960C377CE1E}.debug-st|x64.ActiveCfg = Debug|x64
		{9E219DF2-315D-478E-8A07-8960C377CE1E}.debug-st|x64.Build.0 = Debug|x64
		{9E219DF2-315D-478E-8A07-8960C377CE1E}.Release MX|Win32.ActiveCfg = Release|x64
		{9E219DF2-315D-478E-8A07-8960C377CE1E}.Release MX|x64.ActiveCfg = Release|x64
		{9E219DF2-315D-478E-8A07-8960C377CE1E}.Release MX|x64.Build.0 = Release|x64
		{9E219DF2-315D-478E-8A07-8960C377CE1E}.Release|Win32.ActiveCfg = Release|Win32
		{9E219DF2-315D-478E-8A07-8960C377CE1E}.Release|Win32.Build.0 = Release|Win32
		{9E219DF2-315D-478E-8A07-8960C377CE1E}.Release|x64.ActiveCfg = Release|x64
		{9E219DF2-315D-478E-8A07-8960C377CE1E}.Release|x64.Build.0 = Release|x64
		{9E219DF2-315D-478E-8A07-8960C377CE1E}.release-dll|Win32.ActiveCfg = Release|x64
		{9E219DF2-315D-478E-8A07-8960C377CE1E}.release-dll|x64.ActiveCfg = Release|x64
		{9E219DF2-315D-478E-8A07-8960C377CE1E}.release-dll|x64.Build.0 = Release|x64
		{9E219DF2-315D-478E-8A07-8960C377CE1E}.release-noboost-st|Win32.ActiveCfg = Release|x64
		{9E219DF2-315D-478E-8A07-8960C377CE1E}.release-noboost-st|x64.ActiveCfg = Release|x64
		{9E219DF2-315D-478E-8A07-8960C377CE1E}.release-noboost-st|x64.Build.0 = Release|x64
		{9E219DF2-315D-478E-8A07-8960C377CE1E}.release-st|Win32.ActiveCfg = Release|x64
		{9E219DF2-315D-478E-8A07-8960C377CE1E}.release-st|x64.ActiveCfg = Release|x64
		{9E219DF2-315D-478E-8A07-8960C377CE1E}.release-st|x64.Build.0 = Release|x64
		{9E219DF2-315D-478E-8A07-8960C377CE1E}.Template|Win32.ActiveCfg = Release|x64
		{9E219DF2-315D-478E-8A07-8960C377CE1E}.Template|x64.ActiveCfg = Release|x64
		{9E219DF2-315D-478E-8A07-8960C377CE1E}.Template|x64.Build.0 = Release|x64
		{5E1D4E5F-E10C-4BA3-B663-F33014FD21D9}.Debug MX|Win32.ActiveCfg = Debug|x64
		{5E1D4E5F-E10C-4BA3-B663-F33014FD21D9}.Debug MX|x64.ActiveCfg = Debug|x64
		{5E1D4E5F-E10C-4BA3-B663-F33014FD21D9}.Debug MX|x64.Build.0 = Debug|x64
		{5E1D4E5F-E10C-4BA3-B663-F33014FD21D9}.Debug|Win32.ActiveCfg = Debug|Win32
		{5E1D4E5F-E10C-4BA3-B663-F33014FD21D9}.Debug|Win32.Build.0 = Debug|Win32
		{5E1D4E5F-E10C-4BA3-B663-F33014FD21D9}.Debug|x64.ActiveCfg = Debug|x64
		{5E1D4E5F-E10C-4BA3-B663-F33014FD21D9}.Debug|x64.Build.0 = Debug|x64
		{5E1D4E5F-E10C-4BA3-B663-F33014FD21D9}.debug-dll|Win32.ActiveCfg = Debug|x64
		{5E1D4E5F-E10C-4BA3-B663-F33014FD21D9}.debug-dll|x64.ActiveCfg = Debug|x64
		{5E1D4E5F-E10C-4BA3-B663-F33014FD21D9}.debug-dll|x64.Build.0 = Debug|x64
		{5E1D4E5F-E10C-4BA3-B663-F33014FD21D9}.debug-noboost-st|Win32.ActiveCfg = Debug|x64
		{5E1D4E5F-E10C-4BA3-B663-F33014FD21D9}.debug-noboost-st|x64.ActiveCfg = Debug|x64
		{5E1D4E5F-E10C-4BA3-B663-F33014FD21D9}.debug-noboost-st|x64.Build.0 = Debug|x64
		{5E1D4E5F-E10C-4BA3-B663-F33014FD21D9}.debug-st|Win32.ActiveCfg = Debug|x64
		{5E1D4E5F-E10C-4BA3-B663-F33014FD21D9}.debug-st|x64.ActiveCfg = Debug|x64
		{5E1D4E5F-E10C-4BA3-B663-F33014FD21D9}.debug-st|x64.Build.0 = Debug|x64
		{5E1D4E5F-E10C-4BA3-B663-F33014FD21D9}.Release MX|Win32.ActiveCfg = Release|x64
		{5E1D4E5F-E10C-4BA3-B663-F33014FD21D9}.Release MX|x64.ActiveCfg = Release|x64
		{5E1D4E5F-E10C-4BA3-B663-F33014FD21D9}.Release MX|x64.Build.0 = Release|x64
		{5E1D4E5F-E10C-4BA3-B663-F33014FD21D9}.Release|Win32.ActiveCfg = Release|Win32
		{5E1D4E5F-E10C-4BA3-B663-F33014FD21D9}.Release|Win32.Build.0 = Release|Win32
		{5E1D4E5F-E10C-4BA3-B663-F33014FD21D9}.Release|x64.ActiveCfg = Release|x64
		{5E1D4E5F-E10C-4BA3-B663-F33014FD21D9}.Release|x64.Build.0 = Release|x64
		{5E1D4E5F-E10C-4BA3-B663-F33014FD21D9}.release-dll|Win32.ActiveCfg = Release|x64
		{5E1D4E5F-E10C-4BA3-B663-F33014FD21D9}.release-dll|x64.ActiveCfg = Release|x64
		{5E1D4E5F-E10C-4BA3-B663-F33014FD21D9}.release-dll|x64.Build.0 = Release|x64
		{5E1D4E5F-E10C-4BA3-B663-F33014FD21D9}.release-noboost-st|Win32.ActiveCfg = Release|x64
		{5E1D4E5F-E10C-4BA3-B663-F33014FD21D9}.release-noboost-st|x64.ActiveCfg = Release|x64
		{5E1D4E5F-E10C-4BA3-B663-F33014FD21D9}.release-noboost-st|x64.Build.0 = Release|x64
		{5E1D4E5F-E10C-4BA3-B663-F33014FD21D9}.release-st|Win32.ActiveCfg = Release|x64
		{5E1D4E5F-E10C-4BA3-B663-F33014FD21D9}.release-st|x64.ActiveCfg = Release|x64
		{5E1D4E5F-E10C-4BA3-B663-F33014FD21D9}.release-st|x64.Build.0 = Release|x64
		{5E1D4E5F-E10C-4BA3-B663-F33014FD21D9}.Template|Win32.ActiveCfg = Release|x64
		{5E1D4E5F-E10C-4BA3-B663-F33014FD21D9}.Template|x64.ActiveCfg = Release|x64
		{5E1D4E5F-E10C-4BA3-B663-F33014FD21D9}.Template|x64.Build.0 = Release|x64
		{E3536C28-A7F1-4B53-8E52-7D2232F9E098}.Debug MX|Win32.ActiveCfg = Debug|x64
		{E3536C28-A7F1-4B53-8E52-7D2232F9E098}.Debug MX|x64.ActiveCfg = Debug|x64
		{E3536C28-A7F1-4B53-8E52-7D2232F9E098}.Debug MX|x64.Build.0 = Debug|x64
		{E3536C28-A7F1-4B53-8E52-7D2232F9E098}.Debug|Win32.ActiveCfg = Debug|Win32
		{E3536C28-A7F1-4B53-8E52-7D2232F9E098}.Debug|Win32.Build.0 = Debug|Win32
		{E3536C28-A7F1-4B53-8E52-7D2232F9E098}.Debug|x64.ActiveCfg = Debug|x64
		{E3536C28-A7F1-4B53-8E52-7D2232F9E098}.Debug|x64.Build.0 = Debug|x64
		{E3536C28-A7F1-4B53-8E52-7D2232F9E098}.debug-dll|Win32.ActiveCfg = Debug|x64
		{E3536C28-A7F1-4B53-8E52-7D2232F9E098}.debug-dll|x64.ActiveCfg = Debug|x64
		{E3536C28-A7F1-4B53-8E52-7D2232F9E098}.debug-dll|x64.Build.0 = Debug|x64
		{E3536C28-A7F1-4B53-8E52-7D2232F9E098}.debug-noboost-st|Win32.ActiveCfg = Debug|x64
		{E3536C28-A7F1-4B53-8E52-7D2232F9E098}.debug-noboost-st|x64.ActiveCfg = Debug|x64
		{E3536C28-A7F1-4B53-8E52-7D2232F9E098}.debug-noboost-st|x64.Build.0 = Debug|x64
		{E3536C28-A7F1-4B53-8E52-7D2232F9E098}.debug-st|Win32.ActiveCfg = Debug|x64
		{E3536C28-A7F1-4B53-8E52-7D2232F9E098}.debug-st|x64.ActiveCfg = Debug|x64
		{E3536C28-A7F1-4B53-8E52-7D2232F9E098}.debug-st|x64.Build.0 = Debug|x64
		{E3536C28-A7F1-4B53-8E52-7D2232F9E098}.Release MX|Win32.ActiveCfg = Release|x64
		{E3536C28-A7F1-4B53-8E52-7D2232F9E098}.Release MX|x64.ActiveCfg = Release|x64
		{E3536C28-A7F1-4B53-8E52-7D2232F9E098}.Release MX|x64.Build.0 = Release|x64
		{E3536C28-A7F1-4B53-8E52-7D2232F9E098}.Release|Win32.ActiveCfg = Release|Win32
		{E3536C28-A7F1-4B53-8E52-7D2232F9E098}.Release|Win32.Build.0 = Release|Win32
		{E3536C28-A7F1-4B53-8E52-7D2232F9E098}.Release|x64.ActiveCfg = Release|x64
		{E3536C28-A7F1-4B53-8E52-7D2232F9E098}.Release|x64.Build.0 = Release|x64
		{E3536C28-A7F1-4B53-8E52-7D2232F9E098}.release-dll|Win32.ActiveCfg = Release|x64
		{E3536C28-A7F1-4B53-8E52-7D2232F9E098}.release-dll|x64.ActiveCfg = Release|x64
		{E3536C28-A7F1-4B53-8E52-7D2232F9E098}.release-dll|x64.Build.0 = Release|x64
		{E3536C28-A7F1-4B53-8E52-7D2232F9E098}.release-noboost-st|Win32.ActiveCfg = Release|x64
		{E3536C28-A7F1-4B53-8E52-7D2232F9E098}.release-noboost-st|x64.ActiveCfg = Release|x64
		{E3536C28-A7F1-4B53-8E52-7D2232F9E098}.release-noboost-st|x64.Build.0 = Release|x64
		{E3536C28-A7F1-4B53-8E52-7D2232F9E098}.release-st|Win32.ActiveCfg = Release|x64
		{E3536C28-A7F1-4B53-8E52-7D2232F9E098}.release-st|x64.ActiveCfg = Release|x64
		{E3536C28-A7F1-4B53-8E52-7D2232F9E098}.release-st|x64.Build.0 = Release|x64
		{E3536C28-A7F1-4B53-8E52-7D2232F9E098}.Template|Win32.ActiveCfg = Release|x64
		{E3536C28-A7F1-4B53-8E52-7D2232F9E098}.Template|x64.ActiveCfg = Release|x64
		{E3536C28-A7F1-4B53-8E52-7D2232F9E098}.Template|x64.Build.0 = Release|x64
		{7DB10B50-CE00-4D7A-B322-6824F05D2FCB}.Debug MX|Win32.ActiveCfg = Debug|x64
		{7DB10B50-CE00-4D7A-B322-6824F05D2FCB}.Debug MX|x64.ActiveCfg = Debug|x64
		{7DB10B50-CE00-4D7A-B322-6824F05D2FCB}.Debug MX|x64.Build.0 = Debug|x64
		{7DB10B50-CE00-4D7A-B322-6824F05D2FCB}.Debug|Win32.ActiveCfg = Debug|Win32
		{7DB10B50-CE00-4D7A-B322-6824F05D2FCB}.Debug|Win32.Build.0 = Debug|Win32
		{7DB10B50-CE00-4D7A-B322-6824F05D2FCB}.Debug|x64.ActiveCfg = Debug|x64
		{7DB10B50-CE00-4D7A-B322-6824F05D2FCB}.Debug|x64.Build.0 = Debug|x64
		{7DB10B50-CE00-4D7A-B322-6824F05D2FCB}.debug-dll|Win32.ActiveCfg = Debug|x64
		{7DB10B50-CE00-4D7A-B322-6824F05D2FCB}.debug-dll|x64.ActiveCfg = Debug|x64
		{7DB10B50-CE00-4D7A-B322-6824F05D2FCB}.debug-dll|x64.Build.0 = Debug|x64
		{7DB10B50-CE00-4D7A-B322-6824F05D2FCB}.debug-noboost-st|Win32.ActiveCfg = Debug|x64
		{7DB10B50-CE00-4D7A-B322-6824F05D2FCB}.debug-noboost-st|x64.ActiveCfg = Debug|x64
		{7DB10B50-CE00-4D7A-B322-6824F05D2FCB}.debug-noboost-st|x64.Build.0 = Debug|x64
		{7DB10B50-CE00-4D7A-B322-6824F05D2FCB}.debug-st|Win32.ActiveCfg = Debug|x64
		{7DB10B50-CE00-4D7A-B322-6824F05D2FCB}.debug-st|x64.ActiveCfg = Debug|x64
		{7DB10B50-CE00-4D7A-B322-6824F05D2FCB}.debug-st|x64.Build.0 = Debug|x64
		{7DB10B50-CE00-4D7A-B322-6824F05D2FCB}.Release MX|Win32.ActiveCfg = Release|x64
		{7DB10B50-CE00-4D7A-B322-6824F05D2FCB}.Release MX|x64.ActiveCfg = Release|x64
		{7DB10B50-CE00-4D7A-B322-6824F05D2FCB}.Release MX|x64.Build.0 = Release|x64
		{7DB10B50-CE00-4D7A-B322-6824F05D2FCB}.Release|Win32.ActiveCfg = Release|Win32
		{7DB10B50-CE00-4D7A-B322-6824F05D2FCB}.Release|Win32.Build.0 = Release|Win32
		{7DB10B50-CE00-4D7A-B322-6824F05D2FCB}.Release|x64.ActiveCfg = Release|x64
		{7DB10B50-CE00-4D7A-B322-6824F05D2FCB}.Release|x64.Build.0 = Release|x64
		{7DB10B50-CE00-4D7A-B322-6824F05D2FCB}.release-dll|Win32.ActiveCfg = Release|x64
		{7DB10B50-CE00-4D7A-B322-6824F05D2FCB}.release-dll|x64.ActiveCfg = Release|x64
		{7DB10B50-CE00-4D7A-B322-6824F05D2FCB}.release-dll|x64.Build.0 = Release|x64
		{7DB10B50-CE00-4D7A-B322-6824F05D2FCB}.release-noboost-st|Win32.ActiveCfg = Release|x64
		{7DB10B50-CE00-4D7A-B322-6824F05D2FCB}.release-noboost-st|x64.ActiveCfg = Release|x64
		{7DB10B50-CE00-4D7A-B322-6824F05D2FCB}.release-noboost-st|x64.Build.0 = Release|x64
		{7DB10B50-CE00-4D7A-B322-6824F05D2FCB}.release-st|Win32.ActiveCfg = Release|x64
		{7DB10B50-CE00-4D7A-B322-6824F05D2FCB}.release-st|x64.ActiveCfg = Release|x64
		{7DB10B50-CE00-4D7A-B322-6824F05D2FCB}.release-st|x64.Build.0 = Release|x64
		{7DB10B50-CE00-4D7A-B322-6824F05D2FCB}.Template|Win32.ActiveCfg = Release|x64
		{7DB10B50-CE00-4D7A-B322-6824F05D2FCB}.Template|x64.ActiveCfg = Release|x64
		{7DB10B50-CE00-4D7A-B322-6824F05D2FCB}.Template|x64.Build.0 = Release|x64
		{07F662C1-1323-42AB-B6AF-FBFD34A7437A}.Debug MX|Win32.ActiveCfg = Debug|x64
		{07F662C1-1323-42AB-B6AF-FBFD34A7437A}.Debug MX|x64.ActiveCfg = Debug|x64
		{07F662C1-1323-42AB-B6AF-FBFD34A7437A}.Debug MX|x64.Build.0 = Debug|x64
		{07F662C1-1323-42AB-B6AF-FBFD34A7437A}.Debug|Win32.ActiveCfg = Debug|Win32
		{07F662C1-1323-42AB-B6AF-FBFD34A7437A}.Debug|Win32.Build.0 = Debug|Win32
		{07F662C1-1323-42AB-B6AF-FBFD34A7437A}.Debug|x64.ActiveCfg = Debug|x64
		{07F662C1-1323-42AB-B6AF-FBFD34A7437A}.Debug|x64.Build.0 = Debug|x64
		{07F662C1-1323-42AB-B6AF-FBFD34A7437A}.debug-dll|Win32.ActiveCfg = Debug|x64
		{07F662C1-1323-42AB-B6AF-FBFD34A7437A}.debug-dll|x64.ActiveCfg = Debug|x64
		{07F662C1-1323-42AB-B6AF-FBFD34A7437A}.debug-dll|x64.Build.0 = Debug|x64
		{07F662C1-1323-42AB-B6AF-FBFD34A7437A}.debug-noboost-st|Win32.ActiveCfg = Debug|x64
		{07F662C1-1323-42AB-B6AF-FBFD34A7437A}.debug-noboost-st|x64.ActiveCfg = Debug|x64
		{07F662C1-1323-42AB-B6AF-FBFD34A7437A}.debug-noboost-st|x64.Build.0 = Debug|x64
		{07F662C1-1323-42AB-B6AF-FBFD34A7437A}.debug-st|Win32.ActiveCfg = Debug|x64
		{07F662C1-1323-42AB-B6AF-FBFD34A7437A}.debug-st|x64.ActiveCfg = Debug|x64
		{07F662C1-1323-42AB-B6AF-FBFD34A7437A}.debug-st|x64.Build.0 = Debug|x64
		{07F662C1-1323-42AB-B6AF-FBFD34A7437A}.Release MX|Win32.ActiveCfg = Release|x64
		{07F662C1-1323-42AB-B6AF-FBFD34A7437A}.Release MX|x64.ActiveCfg = Release|x64
		{07F662C1-1323-42AB-B6AF-FBFD34A7437A}.Release MX|x64.Build.0 = Release|x64
		{07F662C1-1323-42AB-B6AF-FBFD34A7437A}.Release|Win32.ActiveCfg = Release|Win32
		{07F662C1-1323-42AB-B6AF-FBFD34A7437A}.Release|Win32.Build.0 = Release|Win32
		{07F662C1-1323-42AB-B6AF-FBFD34A7437A}.Release|x64.ActiveCfg = Release|x64
		{07F662C1-1323-42AB-B6AF-FBFD34A7437A}.Release|x64.Build.0 = Release|x64
		{07F662C1-1323-42AB-B6AF-FBFD34A7437A}.release-dll|Win32.ActiveCfg = Release|x64
		{07F662C1-1323-42AB-B6AF-FBFD34A7437A}.release-dll|x64.ActiveCfg = Release|x64
		{07F662C1-1323-42AB-B6AF-FBFD34A7437A}.release-dll|x64.Build.0 = Release|x64
		{07F662C1-1323-42AB-B6AF-FBFD34A7437A}.release-noboost-st|Win32.ActiveCfg = Release|x64
		{07F662C1-1323-42AB-B6AF-FBFD34A7437A}.release-noboost-st|x64.ActiveCfg = Release|x64
		{07F662C1-1323-42AB-B6AF-FBFD34A7437A}.release-noboost-st|x64.Build.0 = Release|x64
		{07F662C1-1323-42AB-B6AF-FBFD34A7437A}.release-st|Win32.ActiveCfg = Release|x64
		{07F662C1-1323-42AB-B6AF-FBFD34A7437A}.release-st|x64.ActiveCfg = Release|x64
		{07F662C1-1323-42AB-B6AF-FBFD34A7437A}.release-st|x64.Build.0 = Release|x64
		{07F662C1-1323-42AB-B6AF-FBFD34A7437A}.Template|Win32.ActiveCfg = Release|x64
		{07F662C1-1323-42AB-B6AF-FBFD34A7437A}.Template|x64.ActiveCfg = Release|x64
		{07F662C1-1323-42AB-B6AF-FBFD34A7437A}.Template|x64.Build.0 = Release|x64
		{EC085CBD-E9C3-477F-9A97-CB9D5DA30E27}.Debug MX|Win32.ActiveCfg = Debug|x64
		{EC085CBD-E9C3-477F-9A97-CB9D5DA30E27}.Debug MX|x64.ActiveCfg = Debug|x64
		{EC085CBD-E9C3-477F-9A97-CB9D5DA30E27}.Debug MX|x64.Build.0 = Debug|x64
		{EC085CBD-E9C3-477F-9A97-CB9D5DA30E27}.Debug|Win32.ActiveCfg = Debug|Win32
		{EC085CBD-E9C3-477F-9A97-CB9D5DA30E27}.Debug|Win32.Build.0 = Debug|Win32
		{EC085CBD-E9C3-477F-9A97-CB9D5DA30E27}.Debug|x64.ActiveCfg = Debug|x64
		{EC085CBD-E9C3-477F-9A97-CB9D5DA30E27}.Debug|x64.Build.0 = Debug|x64
		{EC085CBD-E9C3-477F-9A97-CB9D5DA30E27}.debug-dll|Win32.ActiveCfg = Debug|x64
		{EC085CBD-E9C3-477F-9A97-CB9D5DA30E27}.debug-dll|x64.ActiveCfg = Debug|x64
		{EC085CBD-E9C3-477F-9A97-CB9D5DA30E27}.debug-dll|x64.Build.0 = Debug|x64
		{EC085CBD-E9C3-477F-9A97-CB9D5DA30E27}.debug-noboost-st|Win32.ActiveCfg = Debug|x64
		{EC085CBD-E9C3-477F-9A97-CB9D5DA30E27}.debug-noboost-st|x64.ActiveCfg = Debug|x64
		{EC085CBD-E9C3-477F-9A97-CB9D5DA30E27}.debug-noboost-st|x64.Build.0 = Debug|x64
		{EC085CBD-E9C3-477F-9A97-CB9D5DA30E27}.debug-st|Win32.ActiveCfg = Debug|x64
		{EC085CBD-E9C3-477F-9A97-CB9D5DA30E27}.debug-st|x64.ActiveCfg = Debug|x64
		{EC085CBD-E9C3-477F-9A97-CB9D5DA30E27}.debug-st|x64.Build.0 = Debug|x64
		{EC085CBD-E9C3-477F-9A97-CB9D5DA30E27}.Release MX|Win32.ActiveCfg = Release|x64
		{EC085CBD-E9C3-477F-9A97-CB9D5DA30E27}.Release MX|x64.ActiveCfg = Release|x64
		{EC085CBD-E9C3-477F-9A97-CB9D5DA30E27}.Release MX|x64.Build.0 = Release|x64
		{EC085CBD-E9C3-477F-9A97-CB9D5DA30E27}.Release|Win32.ActiveCfg = Release|Win32
		{EC085CBD-E9C3-477F-9A97-CB9D5DA30E27}.Release|Win32.Build.0 = Release|Win32
		{EC085CBD-E9C3-477F-9A97-CB9D5DA30E27}.Release|x64.ActiveCfg = Release|x64
		{EC085CBD-E9C3-477F-9A97-CB9D5DA30E27}.Release|x64.Build.0 = Release|x64
		{EC085CBD-E9C3-477F-9A97-CB9D5DA30E27}.release-dll|Win32.ActiveCfg = Release|x64
		{EC085CBD-E9C3-477F-9A97-CB9D5DA30E27}.release-dll|x64.ActiveCfg = Release|x64
		{EC085CBD-E9C3-477F-9A97-CB9D5DA30E27}.release-dll|x64.Build.0 = Release|x64
		{EC085CBD-E9C3-477F-9A97-CB9D5DA30E27}.release-noboost-st|Win32.ActiveCfg = Release|x64
		{EC085CBD-E9C3-477F-9A97-CB9D5DA30E27}.release-noboost-st|x64.ActiveCfg = Release|x64
		{EC085CBD-E9C3-477F-9A97-CB9D5DA30E27}.release-noboost-st|x64.Build.0 = Release|x64
		{EC085CBD-E9C3-477F-9A97-CB9D5DA30E27}.release-st|Win32.ActiveCfg = Release|x64
		{EC085CBD-E9C3-477F-9A97-CB9D5DA30E27}.release-st|x64.ActiveCfg = Release|x64
		{EC085CBD-E9C3-477F-9A97-CB9D5DA30E27}.release-st|x64.Build.0 = Release|x64
		{EC085CBD-E9C3-477F-9A97-CB9D5DA30E27}.Template|Win32.ActiveCfg = Release|x64
		{EC085CBD-E9C3-477F-9A97-CB9D5DA30E27}.Template|x64.ActiveCfg = Release|x64
		{EC085CBD-E9C3-477F-9A97-CB9D5DA30E27}.Template|x64.Build.0 = Release|x64
		{17A4874B-0606-4687-90B6-F91F8CB3B8AF}.Debug MX|Win32.ActiveCfg = Debug|x64
		{17A4874B-0606-4687-90B6-F91F8CB3B8AF}.Debug MX|x64.ActiveCfg = Debug|x64
		{17A4874B-0606-4687-90B6-F91F8CB3B8AF}.Debug MX|x64.Build.0 = Debug|x64
		{17A4874B-0606-4687-90B6-F91F8CB3B8AF}.Debug|Win32.ActiveCfg = Debug|Win32
		{17A4874B-0606-4687-90B6-F91F8CB3B8AF}.Debug|Win32.Build.0 = Debug|Win32
		{17A4874B-0606-4687-90B6-F91F8CB3B8AF}.Debug|x64.ActiveCfg = Debug|x64
		{17A4874B-0606-4687-90B6-F91F8CB3B8AF}.Debug|x64.Build.0 = Debug|x64
		{17A4874B-0606-4687-90B6-F91F8CB3B8AF}.debug-dll|Win32.ActiveCfg = Debug|x64
		{17A4874B-0606-4687-90B6-F91F8CB3B8AF}.debug-dll|x64.ActiveCfg = Debug|x64
		{17A4874B-0606-4687-90B6-F91F8CB3B8AF}.debug-dll|x64.Build.0 = Debug|x64
		{17A4874B-0606-4687-90B6-F91F8CB3B8AF}.debug-noboost-st|Win32.ActiveCfg = Debug|x64
		{17A4874B-0606-4687-90B6-F91F8CB3B8AF}.debug-noboost-st|x64.ActiveCfg = Debug|x64
		{17A4874B-0606-4687-90B6-F91F8CB3B8AF}.debug-noboost-st|x64.Build.0 = Debug|x64
		{17A4874B-0606-4687-90B6-F91F8CB3B8AF}.debug-st|Win32.ActiveCfg = Debug|x64
		{17A4874B-0606-4687-90B6-F91F8CB3B8AF}.debug-st|x64.ActiveCfg = Debug|x64
		{17A4874B-0606-4687-90B6-F91F8CB3B8AF}.debug-st|x64.Build.0 = Debug|x64
		{17A4874B-0606-4687-90B6-F91F8CB3B8AF}.Release MX|Win32.ActiveCfg = Release|x64
		{17A4874B-0606-4687-90B6-F91F8CB3B8AF}.Release MX|x64.ActiveCfg = Release|x64
		{17A4874B-0606-4687-90B6-F91F8CB3B8AF}.Release MX|x64.Build.0 = Release|x64
		{17A4874B-0606-4687-90B6-F91F8CB3B8AF}.Release|Win32.ActiveCfg = Release|Win32
		{17A4874B-0606-4687-90B6-F91F8CB3B8AF}.Release|Win32.Build.0 = Release|Win32
		{17A4874B-0606-4687-90B6-F91F8CB3B8AF}.Release|x64.ActiveCfg = Release|x64
		{17A4874B-0606-4687-90B6-F91F8CB3B8AF}.Release|x64.Build.0 = Release|x64
		{17A4874B-0606-4687-90B6-F91F8CB3B8AF}.release-dll|Win32.ActiveCfg = Release|x64
		{17A4874B-0606-4687-90B6-F91F8CB3B8AF}.release-dll|x64.ActiveCfg = Release|x64
		{17A4874B-0606-4687-90B6-F91F8CB3B8AF}.release-dll|x64.Build.0 = Release|x64
		{17A4874B-0606-4687-90B6-F91F8CB3B8AF}.release-noboost-st|Win32.ActiveCfg = Release|x64
		{17A4874B-0606-4687-90B6-F91F8CB3B8AF}.release-noboost-st|x64.ActiveCfg = Release|x64
		{17A4874B-0606-4687-90B6-F91F8CB3B8AF}.release-noboost-st|x64.Build.0 = Release|x64
		{17A4874B-0606-4687-90B6-F91F8CB3B8AF}.release-st|Win32.ActiveCfg = Release|x64
		{17A4874B-0606-4687-90B6-F91F8CB3B8AF}.release-st|x64.ActiveCfg = Release|x64
		{17A4874B-0606-4687-90B6-F91F8CB3B8AF}.release-st|x64.Build.0 = Release|x64
		{17A4874B-0606-4687-90B6-F91F8CB3B8AF}.Template|Win32.ActiveCfg = Release|x64
		{17A4874B-0606-4687-90B6-F91F8CB3B8AF}.Template|x64.ActiveCfg = Release|x64
		{17A4874B-0606-4687-90B6-F91F8CB3B8AF}.Template|x64.Build.0 = Release|x64
		{33134F61-C1AD-4B6F-9CEA-503A9F140C52}.Debug MX|Win32.ActiveCfg = Debug|x64
		{33134F61-C1AD-4B6F-9CEA-503A9F140C52}.Debug MX|x64.ActiveCfg = Debug|x64
		{33134F61-C1AD-4B6F-9CEA-503A9F140C52}.Debug MX|x64.Build.0 = Debug|x64
		{33134F61-C1AD-4B6F-9CEA-503A9F140C52}.Debug|Win32.ActiveCfg = Debug|Win32
		{33134F61-C1AD-4B6F-9CEA-503A9F140C52}.Debug|Win32.Build.0 = Debug|Win32
		{33134F61-C1AD-4B6F-9CEA-503A9F140C52}.Debug|x64.ActiveCfg = Debug|x64
		{33134F61-C1AD-4B6F-9CEA-503A9F140C52}.Debug|x64.Build.0 = Debug|x64
		{33134F61-C1AD-4B6F-9CEA-503A9F140C52}.debug-dll|Win32.ActiveCfg = Debug|x64
		{33134F61-C1AD-4B6F-9CEA-503A9F140C52}.debug-dll|x64.ActiveCfg = Debug|x64
		{33134F61-C1AD-4B6F-9CEA-503A9F140C52}.debug-dll|x64.Build.0 = Debug|x64
		{33134F61-C1AD-4B6F-9CEA-503A9F140C52}.debug-noboost-st|Win32.ActiveCfg = Debug|x64
		{33134F61-C1AD-4B6F-9CEA-503A9F140C52}.debug-noboost-st|x64.ActiveCfg = Debug|x64
		{33134F61-C1AD-4B6F-9CEA-503A9F140C52}.debug-noboost-st|x64.Build.0 = Debug|x64
		{33134F61-C1AD-4B6F-9CEA-503A9F140C52}.debug-st|Win32.ActiveCfg = Debug|x64
		{33134F61-C1AD-4B6F-9CEA-503A9F140C52}.debug-st|x64.ActiveCfg = Debug|x64
		{33134F61-C1AD-4B6F-9CEA-503A9F140C52}.debug-st|x64.Build.0 = Debug|x64
		{33134F61-C1AD-4B6F-9CEA-503A9F140C52}.Release MX|Win32.ActiveCfg = Release|x64
		{33134F61-C1AD-4B6F-9CEA-503A9F140C52}.Release MX|x64.ActiveCfg = Release|x64
		{33134F61-C1AD-4B6F-9CEA-503A9F140C52}.Release MX|x64.Build.0 = Release|x64
		{33134F61-C1AD-4B6F-9CEA-503A9F140C52}.Release|Win32.ActiveCfg = Release|Win32
		{33134F61-C1AD-4B6F-9CEA-503A9F140C52}.Release|Win32.Build.0 = Release|Win32
		{33134F61-C1AD-4B6F-9CEA-503A9F140C52}.Release|x64.ActiveCfg = Release|x64
		{33134F61-C1AD-4B6F-9CEA-503A9F140C52}.Release|x64.Build.0 = Release|x64
		{33134F61-C1AD-4B6F-9CEA-503A9F140C52}.release-dll|Win32.ActiveCfg = Release|x64
		{33134F61-C1AD-4B6F-9CEA-503A9F140C52}.release-dll|x64.ActiveCfg = Release|x64
		{33134F61-C1AD-4B6F-9CEA-503A9F140C52}.release-dll|x64.Build.0 = Release|x64
		{33134F61-C1AD-4B6F-9CEA-503A9F140C52}.release-noboost-st|Win32.ActiveCfg = Release|x64
		{33134F61-C1AD-4B6F-9CEA-503A9F140C52}.release-noboost-st|x64.ActiveCfg = Release|x64
		{33134F61-C1AD-4B6F-9CEA-503A9F140C52}.release-noboost-st|x64.Build.0 = Release|x64
		{33134F61-C1AD-4B6F-9CEA-503A9F140C52}.release-st|Win32.ActiveCfg = Release|x64
		{33134F61-C1AD-4B6F-9CEA-503A9F140C52}.release-st|x64.ActiveCfg = Release|x64
		{33134F61-C1AD-4B6F-9CEA-503A9F140C52}.release-st|x64.Build.0 = Release|x64
		{33134F61-C1AD-4B6F-9CEA-503A9F140C52}.Template|Win32.ActiveCfg = Release|x64
		{33134F61-C1AD-4B6F-9CEA-503A9F140C52}.Template|x64.ActiveCfg = Release|x64
		{33134F61-C1AD-4B6F-9CEA-503A9F140C52}.Template|x64.Build.0 = Release|x64
	EndGlobalSection
	GlobalSection(SolutionProperties) = preSolution
		HideSolutionNode = FALSE
	EndGlobalSection
	GlobalSection(NestedProjects) = preSolution
		{5691E159-2D9B-407F-971F-EA5C592DC524} = {3C0DBE1F-B9E9-4729-BE9E-FDA80F1A3E6E}
		{A697207F-4B50-48FD-A9DF-13EA47F5531A} = {3C0DBE1F-B9E9-4729-BE9E-FDA80F1A3E6E}
		{9E219DF2-315D-478E-8A07-8960C377CE1E} = {3C0DBE1F-B9E9-4729-BE9E-FDA80F1A3E6E}
		{5E1D4E5F-E10C-4BA3-B663-F33014FD21D9} = {3C0DBE1F-B9E9-4729-BE9E-FDA80F1A3E6E}
		{E3536C28-A7F1-4B53-8E52-7D2232F9E098} = {3C0DBE1F-B9E9-4729-BE9E-FDA80F1A3E6E}
		{7DB10B50-CE00-4D7A-B322-6824F05D2FCB} = {3C0DBE1F-B9E9-4729-BE9E-FDA80F1A3E6E}
		{07F662C1-1323-42AB-B6AF-FBFD34A7437A} = {3C0DBE1F-B9E9-4729-BE9E-FDA80F1A3E6E}
		{EC085CBD-E9C3-477F-9A97-CB9D5DA30E27} = {3C0DBE1F-B9E9-4729-BE9E-FDA80F1A3E6E}
		{17A4874B-0606-4687-90B6-F91F8CB3B8AF} = {3C0DBE1F-B9E9-4729-BE9E-FDA80F1A3E6E}
		{33134F61-C1AD-4B6F-9CEA-503A9F140C52} = {3C0DBE1F-B9E9-4729-BE9E-FDA80F1A3E6E}
		{96000F2E-1268-46DB-AE59-2F0F4C3EBAC9} = {121A489D-023F-48A0-8338-BF48141F8D7E}
		{4DA03747-F505-4A98-9124-03B3B73B9B3B} = {121A489D-023F-48A0-8338-BF48141F8D7E}
		{1AD99A16-DBF2-7838-CE9F-97BA798AD85B} = {121A489D-023F-48A0-8338-BF48141F8D7E}
		{FBA30677-8B2D-4C07-B437-D2C046261DD9} = {CDC77E2B-807F-48C6-B8E4-02A6EAB10538}
		{45F3DCBE-B625-4942-A943-A5AF20F042A4} = {CDC77E2B-807F-48C6-B8E4-02A6EAB10538}
	EndGlobalSection
EndGlobal
