
Microsoft Visual Studio Solution File, Format Version 11.00
# Visual Studio 2010
Project("{8BC9CEB8-8B4A-11D0-8D11-00A0C91BC942}") = "JonsEngine", "JonsEngine.vcxproj", "{96000F2E-1268-46DB-AE59-2F0F4C3EBAC9}"
	ProjectSection(ProjectDependencies) = postProject
		{94F907D7-FA2D-F403-3732-45D708243BAB} = {94F907D7-FA2D-F403-3732-45D708243BAB}
		{4DA03747-F505-4A98-9124-03B3B73B9B3B} = {4DA03747-F505-4A98-9124-03B3B73B9B3B}
	EndProjectSection
EndProject
Project("{8BC9CEB8-8B4A-11D0-8D11-00A0C91BC942}") = "JonsEngineTests", "..\JonsEngineTests\JonsEngineTests.vcxproj", "{FBA30677-8B2D-4C07-B437-D2C046261DD9}"
	ProjectSection(ProjectDependencies) = postProject
		{94F907D7-FA2D-F403-3732-45D708243BAB} = {94F907D7-FA2D-F403-3732-45D708243BAB}
		{96000F2E-1268-46DB-AE59-2F0F4C3EBAC9} = {96000F2E-1268-46DB-AE59-2F0F4C3EBAC9}
		{4DA03747-F505-4A98-9124-03B3B73B9B3B} = {4DA03747-F505-4A98-9124-03B3B73B9B3B}
	EndProjectSection
EndProject
Project("{8BC9CEB8-8B4A-11D0-8D11-00A0C91BC942}") = "glew_static", "..\Thirdparty\glew-1.9.0\build\vc10\glew_static.vcxproj", "{94F907D7-FA2D-F403-3732-45D708243BAB}"
EndProject
Project("{8BC9CEB8-8B4A-11D0-8D11-00A0C91BC942}") = "GLFW", "..\Thirdparty\glfw-2.7.6\support\msvc100\GLFW.vcxproj", "{4DA03747-F505-4A98-9124-03B3B73B9B3B}"
EndProject
Project("{8BC9CEB8-8B4A-11D0-8D11-00A0C91BC942}") = "JonsGame", "..\JonsGame\JonsGame.vcxproj", "{45F3DCBE-B625-4942-A943-A5AF20F042A4}"
	ProjectSection(ProjectDependencies) = postProject
		{94F907D7-FA2D-F403-3732-45D708243BAB} = {94F907D7-FA2D-F403-3732-45D708243BAB}
		{96000F2E-1268-46DB-AE59-2F0F4C3EBAC9} = {96000F2E-1268-46DB-AE59-2F0F4C3EBAC9}
		{4DA03747-F505-4A98-9124-03B3B73B9B3B} = {4DA03747-F505-4A98-9124-03B3B73B9B3B}
	EndProjectSection
EndProject
Global
	GlobalSection(SolutionConfigurationPlatforms) = preSolution
		Debug MX|Win32 = Debug MX|Win32
		Debug|Win32 = Debug|Win32
		Release MX|Win32 = Release MX|Win32
		Release|Win32 = Release|Win32
		Template|Win32 = Template|Win32
	EndGlobalSection
	GlobalSection(ProjectConfigurationPlatforms) = postSolution
		{96000F2E-1268-46DB-AE59-2F0F4C3EBAC9}.Debug MX|Win32.ActiveCfg = Debug|Win32
		{96000F2E-1268-46DB-AE59-2F0F4C3EBAC9}.Debug MX|Win32.Build.0 = Debug|Win32
		{96000F2E-1268-46DB-AE59-2F0F4C3EBAC9}.Debug|Win32.ActiveCfg = Debug|Win32
		{96000F2E-1268-46DB-AE59-2F0F4C3EBAC9}.Debug|Win32.Build.0 = Debug|Win32
		{96000F2E-1268-46DB-AE59-2F0F4C3EBAC9}.Release MX|Win32.ActiveCfg = Release|Win32
		{96000F2E-1268-46DB-AE59-2F0F4C3EBAC9}.Release MX|Win32.Build.0 = Release|Win32
		{96000F2E-1268-46DB-AE59-2F0F4C3EBAC9}.Release|Win32.ActiveCfg = Release|Win32
		{96000F2E-1268-46DB-AE59-2F0F4C3EBAC9}.Release|Win32.Build.0 = Release|Win32
		{96000F2E-1268-46DB-AE59-2F0F4C3EBAC9}.Template|Win32.ActiveCfg = Release|Win32
		{96000F2E-1268-46DB-AE59-2F0F4C3EBAC9}.Template|Win32.Build.0 = Release|Win32
		{FBA30677-8B2D-4C07-B437-D2C046261DD9}.Debug MX|Win32.ActiveCfg = Debug|Win32
		{FBA30677-8B2D-4C07-B437-D2C046261DD9}.Debug MX|Win32.Build.0 = Debug|Win32
		{FBA30677-8B2D-4C07-B437-D2C046261DD9}.Debug|Win32.ActiveCfg = Debug|Win32
		{FBA30677-8B2D-4C07-B437-D2C046261DD9}.Debug|Win32.Build.0 = Debug|Win32
		{FBA30677-8B2D-4C07-B437-D2C046261DD9}.Release MX|Win32.ActiveCfg = Release|Win32
		{FBA30677-8B2D-4C07-B437-D2C046261DD9}.Release MX|Win32.Build.0 = Release|Win32
		{FBA30677-8B2D-4C07-B437-D2C046261DD9}.Release|Win32.ActiveCfg = Release|Win32
		{FBA30677-8B2D-4C07-B437-D2C046261DD9}.Release|Win32.Build.0 = Release|Win32
		{FBA30677-8B2D-4C07-B437-D2C046261DD9}.Template|Win32.ActiveCfg = Release|Win32
		{FBA30677-8B2D-4C07-B437-D2C046261DD9}.Template|Win32.Build.0 = Release|Win32
		{94F907D7-FA2D-F403-3732-45D708243BAB}.Debug MX|Win32.ActiveCfg = Debug MX|Win32
		{94F907D7-FA2D-F403-3732-45D708243BAB}.Debug MX|Win32.Build.0 = Debug MX|Win32
		{94F907D7-FA2D-F403-3732-45D708243BAB}.Debug|Win32.ActiveCfg = Debug|Win32
		{94F907D7-FA2D-F403-3732-45D708243BAB}.Debug|Win32.Build.0 = Debug|Win32
		{94F907D7-FA2D-F403-3732-45D708243BAB}.Release MX|Win32.ActiveCfg = Release MX|Win32
		{94F907D7-FA2D-F403-3732-45D708243BAB}.Release MX|Win32.Build.0 = Release MX|Win32
		{94F907D7-FA2D-F403-3732-45D708243BAB}.Release|Win32.ActiveCfg = Release|Win32
		{94F907D7-FA2D-F403-3732-45D708243BAB}.Release|Win32.Build.0 = Release|Win32
		{94F907D7-FA2D-F403-3732-45D708243BAB}.Template|Win32.ActiveCfg = Template|Win32
		{94F907D7-FA2D-F403-3732-45D708243BAB}.Template|Win32.Build.0 = Template|Win32
		{4DA03747-F505-4A98-9124-03B3B73B9B3B}.Debug MX|Win32.ActiveCfg = Debug|Win32
		{4DA03747-F505-4A98-9124-03B3B73B9B3B}.Debug MX|Win32.Build.0 = Debug|Win32
		{4DA03747-F505-4A98-9124-03B3B73B9B3B}.Debug|Win32.ActiveCfg = Debug|Win32
		{4DA03747-F505-4A98-9124-03B3B73B9B3B}.Debug|Win32.Build.0 = Debug|Win32
		{4DA03747-F505-4A98-9124-03B3B73B9B3B}.Release MX|Win32.ActiveCfg = Release|Win32
		{4DA03747-F505-4A98-9124-03B3B73B9B3B}.Release MX|Win32.Build.0 = Release|Win32
		{4DA03747-F505-4A98-9124-03B3B73B9B3B}.Release|Win32.ActiveCfg = Release|Win32
		{4DA03747-F505-4A98-9124-03B3B73B9B3B}.Release|Win32.Build.0 = Release|Win32
		{4DA03747-F505-4A98-9124-03B3B73B9B3B}.Template|Win32.ActiveCfg = Release|Win32
		{4DA03747-F505-4A98-9124-03B3B73B9B3B}.Template|Win32.Build.0 = Release|Win32
		{45F3DCBE-B625-4942-A943-A5AF20F042A4}.Debug MX|Win32.ActiveCfg = Debug|Win32
		{45F3DCBE-B625-4942-A943-A5AF20F042A4}.Debug MX|Win32.Build.0 = Debug|Win32
		{45F3DCBE-B625-4942-A943-A5AF20F042A4}.Debug|Win32.ActiveCfg = Debug|Win32
		{45F3DCBE-B625-4942-A943-A5AF20F042A4}.Debug|Win32.Build.0 = Debug|Win32
		{45F3DCBE-B625-4942-A943-A5AF20F042A4}.Release MX|Win32.ActiveCfg = Release|Win32
		{45F3DCBE-B625-4942-A943-A5AF20F042A4}.Release MX|Win32.Build.0 = Release|Win32
		{45F3DCBE-B625-4942-A943-A5AF20F042A4}.Release|Win32.ActiveCfg = Release|Win32
		{45F3DCBE-B625-4942-A943-A5AF20F042A4}.Release|Win32.Build.0 = Release|Win32
		{45F3DCBE-B625-4942-A943-A5AF20F042A4}.Template|Win32.ActiveCfg = Release|Win32
		{45F3DCBE-B625-4942-A943-A5AF20F042A4}.Template|Win32.Build.0 = Release|Win32
	EndGlobalSection
	GlobalSection(SolutionProperties) = preSolution
		HideSolutionNode = FALSE
	EndGlobalSection
EndGlobal
