<?xml version="1.0" encoding="utf-8"?>
<Project ToolsVersion="4.0" xmlns="http://schemas.microsoft.com/developer/msbuild/2003">
  <ItemGroup>
    <Filter Include="Source Files">
      <UniqueIdentifier>{4FC737F1-C7A5-4376-A066-2A32D752A2FF}</UniqueIdentifier>
      <Extensions>cpp;c;cc;cxx;def;odl;idl;hpj;bat;asm;asmx</Extensions>
    </Filter>
    <Filter Include="Header Files">
      <UniqueIdentifier>{93995380-89BD-4b04-88EB-625FBE52EBFB}</UniqueIdentifier>
      <Extensions>h;hpp;hxx;hm;inl;inc;xsd</Extensions>
    </Filter>
    <Filter Include="Source Files\Core">
      <UniqueIdentifier>{68d50880-3b36-46e7-b2ce-670c81b0d80d}</UniqueIdentifier>
    </Filter>
    <Filter Include="Header Files\Core">
      <UniqueIdentifier>{5a494202-1728-4048-a253-a0de5440ecd2}</UniqueIdentifier>
    </Filter>
    <Filter Include="Header Files\Core\Logging">
      <UniqueIdentifier>{a68ce750-d5ef-433a-a7b9-c6b7b87f1cd4}</UniqueIdentifier>
    </Filter>
    <Filter Include="Header Files\Core\Memory">
      <UniqueIdentifier>{f9fdbb70-9e32-4b69-b412-2b72faf7d6b6}</UniqueIdentifier>
    </Filter>
    <Filter Include="Header Files\Core\Utils">
      <UniqueIdentifier>{ab910717-264a-445e-8545-85e3e20a505b}</UniqueIdentifier>
    </Filter>
    <Filter Include="Source Files\Core\Logging">
      <UniqueIdentifier>{43bdffa5-ecf2-4b77-99bc-723680333003}</UniqueIdentifier>
    </Filter>
    <Filter Include="Source Files\Core\Memory">
      <UniqueIdentifier>{13f874e1-d6ae-4407-a6fc-6717392ecbd8}</UniqueIdentifier>
    </Filter>
    <Filter Include="Source Files\Core\Utils">
      <UniqueIdentifier>{05c56eae-62a1-484f-822e-7a6d9071a4ca}</UniqueIdentifier>
    </Filter>
    <Filter Include="Header Files\Core\Containers">
      <UniqueIdentifier>{8f7619c7-3070-47dd-9384-05d95b47af54}</UniqueIdentifier>
    </Filter>
    <Filter Include="Thirdparty">
      <UniqueIdentifier>{7b2a64d1-5223-4406-82fa-d4f188db9cc9}</UniqueIdentifier>
    </Filter>
    <Filter Include="Thirdparty\dlmalloc">
      <UniqueIdentifier>{0815c268-49c7-420a-bc5b-abebc3b3dfbd}</UniqueIdentifier>
    </Filter>
    <Filter Include="Source Files\Core\Containers">
      <UniqueIdentifier>{2ea7e2ba-7c3b-45f7-9b1a-2371f7affaae}</UniqueIdentifier>
    </Filter>
    <Filter Include="Header Files\Scene">
      <UniqueIdentifier>{fce2f44c-457e-40fe-bda8-094020b98983}</UniqueIdentifier>
    </Filter>
    <Filter Include="Source Files\Scene">
      <UniqueIdentifier>{e2cf9f2e-e660-493f-a134-7b8719c92e95}</UniqueIdentifier>
    </Filter>
    <Filter Include="Header Files\Window">
      <UniqueIdentifier>{73877e1a-2dd6-480d-a49e-5b8940f92327}</UniqueIdentifier>
    </Filter>
    <Filter Include="Source Files\Window">
      <UniqueIdentifier>{e86184c8-2353-44b7-b5a4-064316bca867}</UniqueIdentifier>
    </Filter>
    <Filter Include="Header Files\Renderer">
      <UniqueIdentifier>{ff44cc03-febf-440e-aeba-dc7ede80161e}</UniqueIdentifier>
    </Filter>
    <Filter Include="Header Files\Resources">
      <UniqueIdentifier>{b836645f-6919-4b76-b7de-d4d337b4676e}</UniqueIdentifier>
    </Filter>
    <Filter Include="Source Files\Resources">
      <UniqueIdentifier>{d1471368-acd6-4fac-ba6e-3f44c7798ad4}</UniqueIdentifier>
    </Filter>
    <Filter Include="Source Files\Renderer">
      <UniqueIdentifier>{a3d5ad5b-531b-4acc-884f-cf6a512e7c46}</UniqueIdentifier>
    </Filter>
    <Filter Include="Header Files\Renderer\DirectX11">
      <UniqueIdentifier>{f229c17a-4bc7-4b31-a5bf-64fdfd6ca5e1}</UniqueIdentifier>
    </Filter>
    <Filter Include="Source Files\Renderer\DirectX11">
      <UniqueIdentifier>{12243de2-7a17-4a69-949e-1ef6f12919bf}</UniqueIdentifier>
    </Filter>
    <Filter Include="Header Files\Renderer\DirectX11\Shaders">
      <UniqueIdentifier>{c2480e19-3446-43fa-8891-a1bd483bb955}</UniqueIdentifier>
    </Filter>
    <Filter Include="Header Files\Core\Math">
      <UniqueIdentifier>{715a4116-fd7a-4d30-b42d-f6be5508ceaa}</UniqueIdentifier>
    </Filter>
    <Filter Include="Source Files\Core\Math">
      <UniqueIdentifier>{b074f7aa-71f8-4a51-b4e6-83de54bfc707}</UniqueIdentifier>
    </Filter>
  </ItemGroup>
  <ItemGroup>
    <ClCompile Include="src\Core\Engine.cpp">
      <Filter>Source Files\Core</Filter>
    </ClCompile>
    <ClCompile Include="..\Thirdparty\dlmalloc\dlmalloc.c">
      <Filter>Thirdparty\dlmalloc</Filter>
    </ClCompile>
    <ClCompile Include="src\Core\Memory\HeapAllocator.cpp">
      <Filter>Source Files\Core\Memory</Filter>
    </ClCompile>
    <ClCompile Include="src\Core\Logging\LogManager.cpp">
      <Filter>Source Files\Core\Logging</Filter>
    </ClCompile>
    <ClCompile Include="src\Core\Logging\Logger.cpp">
      <Filter>Source Files\Core\Logging</Filter>
    </ClCompile>
    <ClCompile Include="src\Scene\Scene.cpp">
      <Filter>Source Files\Scene</Filter>
    </ClCompile>
    <ClCompile Include="src\Scene\SceneManager.cpp">
      <Filter>Source Files\Scene</Filter>
    </ClCompile>
    <ClCompile Include="src\Scene\SceneNode.cpp">
      <Filter>Source Files\Scene</Filter>
    </ClCompile>
    <ClCompile Include="src\Resources\ResourceManifest.cpp">
      <Filter>Source Files\Resources</Filter>
    </ClCompile>
    <ClCompile Include="src\Resources\JonsPackage.cpp">
      <Filter>Source Files\Resources</Filter>
    </ClCompile>
    <ClCompile Include="src\Scene\Model.cpp">
      <Filter>Source Files\Scene</Filter>
    </ClCompile>
    <ClCompile Include="src\Scene\Camera.cpp">
      <Filter>Source Files\Scene</Filter>
    </ClCompile>
    <ClCompile Include="src\Scene\Material.cpp">
      <Filter>Source Files\Scene</Filter>
    </ClCompile>
    <ClCompile Include="src\Renderer\Shapes.cpp">
      <Filter>Source Files\Renderer</Filter>
    </ClCompile>
    <ClCompile Include="src\Core\Logging\OutputStream.cpp">
      <Filter>Source Files\Core\Logging</Filter>
    </ClCompile>
    <ClCompile Include="src\Core\Logging\StreamBuf.cpp">
      <Filter>Source Files\Core\Logging</Filter>
    </ClCompile>
    <ClCompile Include="src\Core\Utils\Time.cpp">
      <Filter>Source Files\Core\Utils</Filter>
    </ClCompile>
    <ClCompile Include="src\Scene\DirectionalLight.cpp">
      <Filter>Source Files\Scene</Filter>
    </ClCompile>
    <ClCompile Include="src\Scene\PointLight.cpp">
      <Filter>Source Files\Scene</Filter>
    </ClCompile>
    <ClCompile Include="src\Window\WindowManager.cpp">
      <Filter>Source Files\Window</Filter>
    </ClCompile>
    <ClCompile Include="src\Window\WindowManagerImpl.cpp">
      <Filter>Source Files\Window</Filter>
    </ClCompile>
    <ClCompile Include="src\Renderer\DirectX11\DX11Mesh.cpp">
      <Filter>Source Files\Renderer\DirectX11</Filter>
    </ClCompile>
    <ClCompile Include="src\Renderer\DirectX11\DX11Renderer.cpp">
      <Filter>Source Files\Renderer\DirectX11</Filter>
    </ClCompile>
    <ClCompile Include="src\Renderer\DirectX11\DX11RendererImpl.cpp">
      <Filter>Source Files\Renderer\DirectX11</Filter>
    </ClCompile>
    <ClCompile Include="src\Renderer\DirectX11\DX11Context.cpp">
      <Filter>Source Files\Renderer\DirectX11</Filter>
    </ClCompile>
    <ClCompile Include="src\Renderer\DirectX11\DX11Texture.cpp">
      <Filter>Source Files\Renderer\DirectX11</Filter>
    </ClCompile>
    <ClCompile Include="src\Renderer\DirectX11\DX11Gbuffer.cpp">
      <Filter>Source Files\Renderer\DirectX11</Filter>
    </ClCompile>
    <ClCompile Include="src\Renderer\DirectX11\DX11AmbientPass.cpp">
      <Filter>Source Files\Renderer\DirectX11</Filter>
    </ClCompile>
    <ClCompile Include="src\Renderer\DirectX11\DX11PointLightPass.cpp">
      <Filter>Source Files\Renderer\DirectX11</Filter>
    </ClCompile>
    <ClCompile Include="src\Renderer\DirectX11\DX11DirectionalLightPass.cpp">
      <Filter>Source Files\Renderer\DirectX11</Filter>
    </ClCompile>
    <ClCompile Include="src\Renderer\DirectX11\DX11Backbuffer.cpp">
      <Filter>Source Files\Renderer\DirectX11</Filter>
    </ClCompile>
    <ClCompile Include="src\Renderer\DirectX11\DX11Shadowmap.cpp">
      <Filter>Source Files\Renderer\DirectX11</Filter>
    </ClCompile>
    <ClCompile Include="src\Renderer\DirectX11\DX11VertexTransformPass.cpp">
      <Filter>Source Files\Renderer\DirectX11</Filter>
    </ClCompile>
    <ClCompile Include="src\Renderer\DirectX11\DX11FullscreenTrianglePass.cpp">
      <Filter>Source Files\Renderer\DirectX11</Filter>
    </ClCompile>
    <ClCompile Include="src\Renderer\DirectX11\DX11Sampler.cpp">
      <Filter>Source Files\Renderer\DirectX11</Filter>
    </ClCompile>
    <ClCompile Include="src\Renderer\DirectX11\DX11PostProcessor.cpp">
      <Filter>Source Files\Renderer\DirectX11</Filter>
    </ClCompile>
    <ClCompile Include="src\Renderer\DirectX11\DX11BoxBlurPass.cpp">
      <Filter>Source Files\Renderer\DirectX11</Filter>
    </ClCompile>
    <ClCompile Include="src\Renderer\DirectX11\DX11AABBPass.cpp">
      <Filter>Source Files\Renderer\DirectX11</Filter>
    </ClCompile>
    <ClCompile Include="src\Scene\Mesh.cpp">
      <Filter>Source Files\Scene</Filter>
    </ClCompile>
    <ClCompile Include="src\Scene\ModelNode.cpp">
      <Filter>Source Files\Scene</Filter>
    </ClCompile>
    <ClCompile Include="src\Renderer\DirectX11\DX11LightAccumulationbuffer.cpp">
      <Filter>Source Files\Renderer\DirectX11</Filter>
    </ClCompile>
    <ClCompile Include="src\Renderer\DirectX11\DX11Pipeline.cpp">
      <Filter>Source Files\Renderer\DirectX11</Filter>
    </ClCompile>
    <ClCompile Include="src\Renderer\RenderQueue.cpp">
      <Filter>Source Files\Renderer</Filter>
    </ClCompile>
    <ClCompile Include="src\Scene\Actor.cpp">
      <Filter>Source Files\Scene</Filter>
    </ClCompile>
    <ClCompile Include="src\Renderer\DirectX11\DX11RenderTarget2D.cpp">
      <Filter>Source Files\Renderer\DirectX11</Filter>
    </ClCompile>
    <ClCompile Include="src\Renderer\DirectX11\DX11Utils.cpp">
      <Filter>Source Files\Renderer\DirectX11</Filter>
    </ClCompile>
    <ClCompile Include="src\Core\Math\AABB.cpp">
      <Filter>Source Files\Core\Math</Filter>
    </ClCompile>
    <ClCompile Include="src\Core\Math\Math.cpp">
      <Filter>Source Files\Core\Math</Filter>
    </ClCompile>
    <ClCompile Include="src\Renderer\DirectX11\DX11DepthReductionPass.cpp">
      <Filter>Source Files\Renderer\DirectX11</Filter>
    </ClCompile>
    <ClCompile Include="src\Core\Math\Plane.cpp">
      <Filter>Source Files\Core\Math</Filter>
    </ClCompile>
    <ClCompile Include="src\Core\Math\Intersection.cpp">
      <Filter>Source Files\Core\Math</Filter>
    </ClCompile>
    <ClCompile Include="src\Core\Math\Frustum.cpp">
      <Filter>Source Files\Core\Math</Filter>
    </ClCompile>
    <ClCompile Include="src\Scene\Skybox.cpp">
      <Filter>Source Files\Scene</Filter>
    </ClCompile>
    <ClCompile Include="src\Renderer\DirectX11\DX11SkyboxPass.cpp">
      <Filter>Source Files\Renderer\DirectX11</Filter>
    </ClCompile>
    <ClCompile Include="src\Renderer\DirectX11\DX11Material.cpp">
      <Filter>Source Files\Renderer\DirectX11</Filter>
    </ClCompile>
  </ItemGroup>
  <ItemGroup>
    <ClInclude Include="include\Core\Engine.h">
      <Filter>Header Files\Core</Filter>
    </ClInclude>
    <ClInclude Include="..\Thirdparty\dlmalloc\dlmalloc.h">
      <Filter>Thirdparty\dlmalloc</Filter>
    </ClInclude>
    <ClInclude Include="include\Core\EngineSettings.h">
      <Filter>Header Files\Core</Filter>
    </ClInclude>
    <ClInclude Include="include\Core\Memory\HeapAllocator.h">
      <Filter>Header Files\Core\Memory</Filter>
    </ClInclude>
    <ClInclude Include="include\Core\Containers\Vector.h">
      <Filter>Header Files\Core\Containers</Filter>
    </ClInclude>
    <ClInclude Include="include\Core\Logging\LogManager.h">
      <Filter>Header Files\Core\Logging</Filter>
    </ClInclude>
    <ClInclude Include="include\Core\Logging\Logger.h">
      <Filter>Header Files\Core\Logging</Filter>
    </ClInclude>
    <ClInclude Include="include\Scene\Camera.h">
      <Filter>Header Files\Scene</Filter>
    </ClInclude>
    <ClInclude Include="include\Scene\Scene.h">
      <Filter>Header Files\Scene</Filter>
    </ClInclude>
    <ClInclude Include="include\Scene\SceneManager.h">
      <Filter>Header Files\Scene</Filter>
    </ClInclude>
    <ClInclude Include="include\Scene\SceneNode.h">
      <Filter>Header Files\Scene</Filter>
    </ClInclude>
    <ClInclude Include="include\Core\Types.h">
      <Filter>Header Files\Core</Filter>
    </ClInclude>
    <ClInclude Include="include\Resources\ResourceManifest.h">
      <Filter>Header Files\Resources</Filter>
    </ClInclude>
    <ClInclude Include="include\Resources\JonsPackage.h">
      <Filter>Header Files\Resources</Filter>
    </ClInclude>
    <ClInclude Include="include\Scene\Model.h">
      <Filter>Header Files\Scene</Filter>
    </ClInclude>
    <ClInclude Include="include\Core\EngineDefs.h">
      <Filter>Header Files\Core</Filter>
    </ClInclude>
    <ClInclude Include="include\Core\Memory\IMemoryAllocator.h">
      <Filter>Header Files\Core\Memory</Filter>
    </ClInclude>
    <ClInclude Include="include\Scene\Material.h">
      <Filter>Header Files\Scene</Filter>
    </ClInclude>
    <ClInclude Include="include\Renderer\Shapes.h">
      <Filter>Header Files\Renderer</Filter>
    </ClInclude>
    <ClInclude Include="include\Window\KeyCallback.h">
      <Filter>Header Files\Window</Filter>
    </ClInclude>
    <ClInclude Include="include\Window\KeyDefinition.h">
      <Filter>Header Files\Window</Filter>
    </ClInclude>
    <ClInclude Include="include\Window\MouseCallback.h">
      <Filter>Header Files\Window</Filter>
    </ClInclude>
    <ClInclude Include="include\Core\Logging\StreamBuf.h">
      <Filter>Header Files\Core\Logging</Filter>
    </ClInclude>
    <ClInclude Include="include\Core\Logging\OutputStream.h">
      <Filter>Header Files\Core\Logging</Filter>
    </ClInclude>
    <ClInclude Include="include\Core\Utils\Time.h">
      <Filter>Header Files\Core\Utils</Filter>
    </ClInclude>
    <ClInclude Include="include\Core\DebugOptions.h">
      <Filter>Header Files\Core</Filter>
    </ClInclude>
    <ClInclude Include="include\Scene\DirectionalLight.h">
      <Filter>Header Files\Scene</Filter>
    </ClInclude>
    <ClInclude Include="include\Scene\PointLight.h">
      <Filter>Header Files\Scene</Filter>
    </ClInclude>
    <ClInclude Include="include\Window\WindowManager.h">
      <Filter>Header Files\Window</Filter>
    </ClInclude>
    <ClInclude Include="include\Window\WindowManagerImpl.h">
      <Filter>Header Files\Window</Filter>
    </ClInclude>
    <ClInclude Include="include\Core\Utils\Win32.h">
      <Filter>Header Files\Core\Utils</Filter>
    </ClInclude>
    <ClInclude Include="include\Renderer\DirectX11\DX11AmbientPass.h">
      <Filter>Header Files\Renderer\DirectX11</Filter>
    </ClInclude>
    <ClInclude Include="include\Renderer\DirectX11\DX11ConstantBuffer.hpp">
      <Filter>Header Files\Renderer\DirectX11</Filter>
    </ClInclude>
    <ClInclude Include="include\Renderer\DirectX11\DX11Context.h">
      <Filter>Header Files\Renderer\DirectX11</Filter>
    </ClInclude>
    <ClInclude Include="include\Renderer\DirectX11\DX11GBuffer.h">
      <Filter>Header Files\Renderer\DirectX11</Filter>
    </ClInclude>
    <ClInclude Include="include\Renderer\DirectX11\DX11Mesh.h">
      <Filter>Header Files\Renderer\DirectX11</Filter>
    </ClInclude>
    <ClInclude Include="include\Renderer\DirectX11\DX11Renderer.h">
      <Filter>Header Files\Renderer\DirectX11</Filter>
    </ClInclude>
    <ClInclude Include="include\Renderer\DirectX11\DX11RendererImpl.h">
      <Filter>Header Files\Renderer\DirectX11</Filter>
    </ClInclude>
    <ClInclude Include="include\Renderer\DirectX11\DX11Texture.h">
      <Filter>Header Files\Renderer\DirectX11</Filter>
    </ClInclude>
    <ClInclude Include="include\Renderer\DirectX11\DX11Utils.h">
      <Filter>Header Files\Renderer\DirectX11</Filter>
    </ClInclude>
    <ClInclude Include="include\Renderer\DirectX11\DX11DirectionalLightPass.h">
      <Filter>Header Files\Renderer\DirectX11</Filter>
    </ClInclude>
    <ClInclude Include="include\Renderer\DirectX11\DX11PointLightPass.h">
      <Filter>Header Files\Renderer\DirectX11</Filter>
    </ClInclude>
    <ClInclude Include="include\Renderer\DirectX11\DX11Backbuffer.h">
      <Filter>Header Files\Renderer\DirectX11</Filter>
    </ClInclude>
    <ClInclude Include="include\Renderer\DirectX11\DX11Shadowmap.h">
      <Filter>Header Files\Renderer\DirectX11</Filter>
    </ClInclude>
    <ClInclude Include="include\Renderer\DirectX11\DX11VertexTransformPass.h">
      <Filter>Header Files\Renderer\DirectX11</Filter>
    </ClInclude>
    <ClInclude Include="include\Renderer\DirectX11\DX11FullscreenTrianglePass.h">
      <Filter>Header Files\Renderer\DirectX11</Filter>
    </ClInclude>
    <ClInclude Include="include\Renderer\DirectX11\DX11Sampler.h">
      <Filter>Header Files\Renderer\DirectX11</Filter>
    </ClInclude>
    <ClInclude Include="include\Renderer\DirectX11\Shaders\Constants.h">
      <Filter>Header Files\Renderer\DirectX11\Shaders</Filter>
    </ClInclude>
    <ClInclude Include="include\Renderer\DirectX11\DX11PostProcessor.h">
      <Filter>Header Files\Renderer\DirectX11</Filter>
    </ClInclude>
    <ClInclude Include="include\Renderer\DirectX11\DX11BoxBlurPass.h">
      <Filter>Header Files\Renderer\DirectX11</Filter>
    </ClInclude>
    <ClInclude Include="include\Renderer\DirectX11\DX11AABBPass.h">
      <Filter>Header Files\Renderer\DirectX11</Filter>
    </ClInclude>
    <ClInclude Include="include\Scene\Mesh.h">
      <Filter>Header Files\Scene</Filter>
    </ClInclude>
    <ClInclude Include="include\Scene\ModelNode.h">
      <Filter>Header Files\Scene</Filter>
    </ClInclude>
    <ClInclude Include="include\Renderer\DirectX11\DX11LightAccumulationbuffer.h">
      <Filter>Header Files\Renderer\DirectX11</Filter>
    </ClInclude>
    <ClInclude Include="include\Renderer\DirectX11\DX11Pipeline.h">
      <Filter>Header Files\Renderer\DirectX11</Filter>
    </ClInclude>
    <ClInclude Include="include\Renderer\RenderQueue.h">
      <Filter>Header Files\Renderer</Filter>
    </ClInclude>
    <ClInclude Include="include\Scene\Actor.h">
      <Filter>Header Files\Scene</Filter>
    </ClInclude>
    <ClInclude Include="include\Renderer\DirectX11\DX11RenderTarget2D.h">
      <Filter>Header Files\Renderer\DirectX11</Filter>
    </ClInclude>
    <ClInclude Include="include\Core\Utils\Error.h">
      <Filter>Header Files\Core\Utils</Filter>
    </ClInclude>
    <ClInclude Include="include\Core\Math\Math.h">
      <Filter>Header Files\Core\Math</Filter>
    </ClInclude>
    <ClInclude Include="include\Core\Math\AABB.h">
      <Filter>Header Files\Core\Math</Filter>
    </ClInclude>
    <ClInclude Include="include\Renderer\DirectX11\DX11DepthReductionPass.h">
      <Filter>Header Files\Renderer\DirectX11</Filter>
    </ClInclude>
    <ClInclude Include="include\Core\Math\Plane.h">
      <Filter>Header Files\Core\Math</Filter>
    </ClInclude>
    <ClInclude Include="include\Core\Math\Intersection.h">
      <Filter>Header Files\Core\Math</Filter>
    </ClInclude>
    <ClInclude Include="include\Core\Containers\RangedIterator.hpp">
      <Filter>Header Files\Core\Containers</Filter>
    </ClInclude>
    <ClInclude Include="include\Core\Containers\IDMapPointer.hpp">
      <Filter>Header Files\Core\Containers</Filter>
    </ClInclude>
    <ClInclude Include="include\Core\Utils\NonCopyable.h">
      <Filter>Header Files\Core\Utils</Filter>
    </ClInclude>
    <ClInclude Include="include\Core\Containers\DataPool.hpp">
      <Filter>Header Files\Core\Containers</Filter>
    </ClInclude>
    <ClInclude Include="include\Core\Math\Frustum.h">
      <Filter>Header Files\Core\Math</Filter>
    </ClInclude>
    <ClInclude Include="include\Core\Containers\IDMap.hpp">
      <Filter>Header Files\Core\Containers</Filter>
    </ClInclude>
    <ClInclude Include="include\Scene\Skybox.h">
      <Filter>Header Files\Scene</Filter>
    </ClInclude>
    <ClInclude Include="include\Renderer\DirectX11\DX11SkyboxPass.h">
      <Filter>Header Files\Renderer\DirectX11</Filter>
    </ClInclude>
    <ClInclude Include="include\Renderer\DirectX11\DX11Material.h">
      <Filter>Header Files\Renderer\DirectX11</Filter>
    </ClInclude>
  </ItemGroup>
  <ItemGroup>
    <FxCompile Include="include\Renderer\DirectX11\Shaders\GBufferPixel.hlsl">
      <Filter>Header Files\Renderer\DirectX11\Shaders</Filter>
    </FxCompile>
    <FxCompile Include="include\Renderer\DirectX11\Shaders\GBufferVertex.hlsl">
      <Filter>Header Files\Renderer\DirectX11\Shaders</Filter>
    </FxCompile>
    <FxCompile Include="include\Renderer\DirectX11\Shaders\FullscreenTriangleVertex.hlsl">
      <Filter>Header Files\Renderer\DirectX11\Shaders</Filter>
    </FxCompile>
    <FxCompile Include="include\Renderer\DirectX11\Shaders\AmbientPixel.hlsl">
      <Filter>Header Files\Renderer\DirectX11\Shaders</Filter>
    </FxCompile>
    <FxCompile Include="include\Renderer\DirectX11\Shaders\DirectionalLightPixel.hlsl">
      <Filter>Header Files\Renderer\DirectX11\Shaders</Filter>
    </FxCompile>
    <FxCompile Include="include\Renderer\DirectX11\Shaders\PointLightPixel.hlsl">
      <Filter>Header Files\Renderer\DirectX11\Shaders</Filter>
    </FxCompile>
    <FxCompile Include="include\Renderer\DirectX11\Shaders\TransformVertex.hlsl">
      <Filter>Header Files\Renderer\DirectX11\Shaders</Filter>
    </FxCompile>
    <FxCompile Include="include\Renderer\DirectX11\Shaders\FXAAPixel.hlsl">
      <Filter>Header Files\Renderer\DirectX11\Shaders</Filter>
    </FxCompile>
    <FxCompile Include="include\Renderer\DirectX11\Shaders\FXAA.hlsl">
      <Filter>Header Files\Renderer\DirectX11\Shaders</Filter>
    </FxCompile>
    <FxCompile Include="include\Renderer\DirectX11\Shaders\SSAOPixel.hlsl">
      <Filter>Header Files\Renderer\DirectX11\Shaders</Filter>
    </FxCompile>
    <FxCompile Include="include\Renderer\DirectX11\Shaders\Common.hlsl">
      <Filter>Header Files\Renderer\DirectX11\Shaders</Filter>
    </FxCompile>
    <FxCompile Include="include\Renderer\DirectX11\Shaders\BoxBlurPixel.hlsl">
      <Filter>Header Files\Renderer\DirectX11\Shaders</Filter>
    </FxCompile>
    <FxCompile Include="include\Renderer\DirectX11\Shaders\SimpleColorPixel.hlsl">
      <Filter>Header Files\Renderer\DirectX11\Shaders</Filter>
    </FxCompile>
    <FxCompile Include="include\Renderer\DirectX11\Shaders\SimpleTexturePixel.hlsl">
      <Filter>Header Files\Renderer\DirectX11\Shaders</Filter>
    </FxCompile>
    <FxCompile Include="include\Renderer\DirectX11\Shaders\SDSMFinalCompute.hlsl">
      <Filter>Header Files\Renderer\DirectX11\Shaders</Filter>
    </FxCompile>
    <FxCompile Include="include\Renderer\DirectX11\Shaders\SDSMInitialCompute.hlsl">
      <Filter>Header Files\Renderer\DirectX11\Shaders</Filter>
    </FxCompile>
    <FxCompile Include="include\Renderer\DirectX11\Shaders\Shadowmapping.hlsl">
      <Filter>Header Files\Renderer\DirectX11\Shaders</Filter>
    </FxCompile>
    <FxCompile Include="include\Renderer\DirectX11\Shaders\OptimizedPCF.hlsl">
      <Filter>Header Files\Renderer\DirectX11\Shaders</Filter>
    </FxCompile>
    <FxCompile Include="include\Renderer\DirectX11\Shaders\DirectionalLightPCF2X2Pixel.hlsl">
      <Filter>Header Files\Renderer\DirectX11\Shaders</Filter>
    </FxCompile>
    <FxCompile Include="include\Renderer\DirectX11\Shaders\DirectionalLightPCF3X3Pixel.hlsl">
      <Filter>Header Files\Renderer\DirectX11\Shaders</Filter>
    </FxCompile>
    <FxCompile Include="include\Renderer\DirectX11\Shaders\DirectionalLightPCF5X5Pixel.hlsl">
      <Filter>Header Files\Renderer\DirectX11\Shaders</Filter>
    </FxCompile>
    <FxCompile Include="include\Renderer\DirectX11\Shaders\DirectionalLightPCF7X7Pixel.hlsl">
      <Filter>Header Files\Renderer\DirectX11\Shaders</Filter>
    </FxCompile>
    <FxCompile Include="include\Renderer\DirectX11\Shaders\SkyboxPixel.hlsl">
      <Filter>Header Files\Renderer\DirectX11\Shaders</Filter>
    </FxCompile>
    <FxCompile Include="include\Renderer\DirectX11\Shaders\SkyboxVertex.hlsl">
      <Filter>Header Files\Renderer\DirectX11\Shaders</Filter>
    </FxCompile>
  </ItemGroup>
</Project>